// !$*UTF8*$!
{
	archiveVersion = 1;
	classes = {
	};
	objectVersion = 46;
	objects = {

/* Begin PBXBuildFile section */
		050055E91D361D270064415B /* MyInfoViewController.m in Sources */ = {isa = PBXBuildFile; fileRef = 050055E81D361D270064415B /* MyInfoViewController.m */; };
		054B33CC1D3879D00053F0DA /* OtherInfoViewController.m in Sources */ = {isa = PBXBuildFile; fileRef = 054B33CB1D3879D00053F0DA /* OtherInfoViewController.m */; };
		055115FD1D2CFB11003255C7 /* SearchViewController.m in Sources */ = {isa = PBXBuildFile; fileRef = 055115FA1D2CFB11003255C7 /* SearchViewController.m */; };
		055116001D2D0E1F003255C7 /* backImage@2x.png in Resources */ = {isa = PBXBuildFile; fileRef = 055115FE1D2D0E1F003255C7 /* backImage@2x.png */; };
		055116011D2D0E1F003255C7 /* backImage@3x.png in Resources */ = {isa = PBXBuildFile; fileRef = 055115FF1D2D0E1F003255C7 /* backImage@3x.png */; };
		05513E811D3C7E1C00987134 /* NetWorkCommon.m in Sources */ = {isa = PBXBuildFile; fileRef = 05513E801D3C7E1C00987134 /* NetWorkCommon.m */; };
		05B6150D1D379326001B261F /* MyHobbyViewController.m in Sources */ = {isa = PBXBuildFile; fileRef = 05B6150C1D379326001B261F /* MyHobbyViewController.m */; };
		05BF1A541D2BEBB60095E18A /* main.m in Sources */ = {isa = PBXBuildFile; fileRef = 05BF1A531D2BEBB60095E18A /* main.m */; };
		05BF1A5F1D2BEBB60095E18A /* Assets.xcassets in Resources */ = {isa = PBXBuildFile; fileRef = 05BF1A5E1D2BEBB60095E18A /* Assets.xcassets */; };
		05BF1A6D1D2BEBB60095E18A /* HaoJuDianTests.m in Sources */ = {isa = PBXBuildFile; fileRef = 05BF1A6C1D2BEBB60095E18A /* HaoJuDianTests.m */; };
		05BF1A781D2BEBB60095E18A /* HaoJuDianUITests.m in Sources */ = {isa = PBXBuildFile; fileRef = 05BF1A771D2BEBB60095E18A /* HaoJuDianUITests.m */; };
		05BF1A861D2BEBEC0095E18A /* Default-568h@2x.png in Resources */ = {isa = PBXBuildFile; fileRef = 05BF1A851D2BEBEC0095E18A /* Default-568h@2x.png */; };
		05BF1A8A1D2BEC3A0095E18A /* Default-414w-736h@3x.png in Resources */ = {isa = PBXBuildFile; fileRef = 05BF1A871D2BEC3A0095E18A /* Default-414w-736h@3x.png */; };
		05BF1A8B1D2BEC3A0095E18A /* Default-375w-667h@2x.png in Resources */ = {isa = PBXBuildFile; fileRef = 05BF1A881D2BEC3A0095E18A /* Default-375w-667h@2x.png */; };
		05BF1A8C1D2BEC3A0095E18A /* Default@2x.png in Resources */ = {isa = PBXBuildFile; fileRef = 05BF1A891D2BEC3A0095E18A /* Default@2x.png */; };
		05BF1ACD1D2BEC9D0095E18A /* AppDelegate.m in Sources */ = {isa = PBXBuildFile; fileRef = 05BF1A8F1D2BEC9D0095E18A /* AppDelegate.m */; };
		05BF1ACE1D2BEC9D0095E18A /* MainViewController.m in Sources */ = {isa = PBXBuildFile; fileRef = 05BF1A911D2BEC9D0095E18A /* MainViewController.m */; };
		05BF1ACF1D2BEC9D0095E18A /* CYDBaseNavigationController.m in Sources */ = {isa = PBXBuildFile; fileRef = 05BF1A951D2BEC9D0095E18A /* CYDBaseNavigationController.m */; };
		05BF1AD01D2BEC9D0095E18A /* CYDNavigationController.m in Sources */ = {isa = PBXBuildFile; fileRef = 05BF1A971D2BEC9D0095E18A /* CYDNavigationController.m */; };
		05BF1AD11D2BEC9D0095E18A /* UIColor+RandomColor.m in Sources */ = {isa = PBXBuildFile; fileRef = 05BF1A991D2BEC9D0095E18A /* UIColor+RandomColor.m */; };
		05BF1AD61D2BEC9D0095E18A /* FlowerViewController.m in Sources */ = {isa = PBXBuildFile; fileRef = 05BF1AA31D2BEC9D0095E18A /* FlowerViewController.m */; };
		05BF1AD71D2BEC9D0095E18A /* MeetViewController.m in Sources */ = {isa = PBXBuildFile; fileRef = 05BF1AA91D2BEC9D0095E18A /* MeetViewController.m */; };
		05BF1AD81D2BEC9D0095E18A /* MessageViewController.m in Sources */ = {isa = PBXBuildFile; fileRef = 05BF1AAF1D2BEC9D0095E18A /* MessageViewController.m */; };
		05BF1ADB1D2BEC9D0095E18A /* NewsCell.m in Sources */ = {isa = PBXBuildFile; fileRef = 05BF1AB71D2BEC9D0095E18A /* NewsCell.m */; };
		05BF1ADC1D2BEC9D0095E18A /* NoticeCell.m in Sources */ = {isa = PBXBuildFile; fileRef = 05BF1AB91D2BEC9D0095E18A /* NoticeCell.m */; };
		05BF1ADD1D2BEC9D0095E18A /* MineViewController.m in Sources */ = {isa = PBXBuildFile; fileRef = 05BF1ABD1D2BEC9D0095E18A /* MineViewController.m */; };
		05BF1ADE1D2BEC9D0095E18A /* NearbyViewController.m in Sources */ = {isa = PBXBuildFile; fileRef = 05BF1AC31D2BEC9D0095E18A /* NearbyViewController.m */; };
		05EA54CA1D40A657007C350A /* MyPhotoViewController.m in Sources */ = {isa = PBXBuildFile; fileRef = 05EA54C91D40A657007C350A /* MyPhotoViewController.m */; };
		05EA54CD1D40BC96007C350A /* PhotoCollectionViewCell.m in Sources */ = {isa = PBXBuildFile; fileRef = 05EA54CC1D40BC96007C350A /* PhotoCollectionViewCell.m */; };
		05EA54D11D40C4CB007C350A /* ZWCollectionViewFlowLayout.m in Sources */ = {isa = PBXBuildFile; fileRef = 05EA54CF1D40C4CB007C350A /* ZWCollectionViewFlowLayout.m */; };
		05F77A561D35D3FB002D928E /* nvdatu.png in Resources */ = {isa = PBXBuildFile; fileRef = 05F77A551D35D3FB002D928E /* nvdatu.png */; };
		05F77DC21D2F55E60023ECE4 /* SetViewController.m in Sources */ = {isa = PBXBuildFile; fileRef = 05F77DC11D2F55E60023ECE4 /* SetViewController.m */; };
		05F77DC51D2F5AAE0023ECE4 /* ChangePasswordViewController.m in Sources */ = {isa = PBXBuildFile; fileRef = 05F77DC41D2F5AAE0023ECE4 /* ChangePasswordViewController.m */; };
		05F77DC81D2F7D470023ECE4 /* PayPasswordViewController.m in Sources */ = {isa = PBXBuildFile; fileRef = 05F77DC71D2F7D470023ECE4 /* PayPasswordViewController.m */; };
		05F77DCC1D2F87000023ECE4 /* JKCountDownButton.m in Sources */ = {isa = PBXBuildFile; fileRef = 05F77DCB1D2F87000023ECE4 /* JKCountDownButton.m */; };
		05F77DCF1D2F8EB10023ECE4 /* ShowViewController.m in Sources */ = {isa = PBXBuildFile; fileRef = 05F77DCE1D2F8EB10023ECE4 /* ShowViewController.m */; };
		05F78ECC1D2DF02400AB61F5 /* GiftCell.m in Sources */ = {isa = PBXBuildFile; fileRef = 05F78ECB1D2DF02400AB61F5 /* GiftCell.m */; };
		05F78ECF1D2E028300AB61F5 /* BeanCell.m in Sources */ = {isa = PBXBuildFile; fileRef = 05F78ECE1D2E028300AB61F5 /* BeanCell.m */; };
		05F78ED11D2E600500AB61F5 /* youjiantou.png in Resources */ = {isa = PBXBuildFile; fileRef = 05F78ED01D2E600500AB61F5 /* youjiantou.png */; };
		05FA74BD1D333737006437AC /* LoginViewController.m in Sources */ = {isa = PBXBuildFile; fileRef = 05FA74BC1D333737006437AC /* LoginViewController.m */; };
		05FA74C01D335186006437AC /* FindPasswordViewController.m in Sources */ = {isa = PBXBuildFile; fileRef = 05FA74BF1D335186006437AC /* FindPasswordViewController.m */; };
		05FA74C31D336F5E006437AC /* RegisterFirstViewController.m in Sources */ = {isa = PBXBuildFile; fileRef = 05FA74C21D336F5E006437AC /* RegisterFirstViewController.m */; };
		05FA74C61D3372B8006437AC /* RegisterSecondViewController.m in Sources */ = {isa = PBXBuildFile; fileRef = 05FA74C51D3372B8006437AC /* RegisterSecondViewController.m */; };
		05FA75471D338C8B006437AC /* CardContentView.xib in Resources */ = {isa = PBXBuildFile; fileRef = 05FA752F1D338C8B006437AC /* CardContentView.xib */; };
		05FA75481D338C8B006437AC /* UIColor+FlatColors.m in Sources */ = {isa = PBXBuildFile; fileRef = 05FA75311D338C8B006437AC /* UIColor+FlatColors.m */; };
		05FA75491D338C8B006437AC /* DefaultDirectionInterpretor.m in Sources */ = {isa = PBXBuildFile; fileRef = 05FA75341D338C8B006437AC /* DefaultDirectionInterpretor.m */; };
		05FA754A1D338C8B006437AC /* DefaultShouldSwipeDeterminator.m in Sources */ = {isa = PBXBuildFile; fileRef = 05FA75361D338C8B006437AC /* DefaultShouldSwipeDeterminator.m */; };
		05FA754B1D338C8B006437AC /* DefaultViewAnimator.m in Sources */ = {isa = PBXBuildFile; fileRef = 05FA75381D338C8B006437AC /* DefaultViewAnimator.m */; };
		05FA754C1D338C8B006437AC /* PanGestureRecognizer.m in Sources */ = {isa = PBXBuildFile; fileRef = 05FA753A1D338C8B006437AC /* PanGestureRecognizer.m */; };
		05FA754D1D338C8B006437AC /* Scheduler.m in Sources */ = {isa = PBXBuildFile; fileRef = 05FA753C1D338C8B006437AC /* Scheduler.m */; };
		05FA754E1D338C8B006437AC /* Utils.m in Sources */ = {isa = PBXBuildFile; fileRef = 05FA753E1D338C8B006437AC /* Utils.m */; };
		05FA754F1D338C8B006437AC /* ViewManager.m in Sources */ = {isa = PBXBuildFile; fileRef = 05FA75401D338C8B006437AC /* ViewManager.m */; };
		05FA75501D338C8B006437AC /* ZLSwipeableView.m in Sources */ = {isa = PBXBuildFile; fileRef = 05FA75421D338C8B006437AC /* ZLSwipeableView.m */; };
		05FA75511D338C8B006437AC /* ZLSwipeableViewMovement.m in Sources */ = {isa = PBXBuildFile; fileRef = 05FA75441D338C8B006437AC /* ZLSwipeableViewMovement.m */; };
		05FA75521D338C8B006437AC /* ZLSwipeableViewSwipeOptions.m in Sources */ = {isa = PBXBuildFile; fileRef = 05FA75461D338C8B006437AC /* ZLSwipeableViewSwipeOptions.m */; };
		05FA75551D338F76006437AC /* CardView.m in Sources */ = {isa = PBXBuildFile; fileRef = 05FA75531D338F76006437AC /* CardView.m */; };
		05FA75711D33A393006437AC /* Info.plist in Resources */ = {isa = PBXBuildFile; fileRef = 05FA75571D33A393006437AC /* Info.plist */; };
		05FA75721D33A393006437AC /* MASCompositeConstraint.m in Sources */ = {isa = PBXBuildFile; fileRef = 05FA75591D33A393006437AC /* MASCompositeConstraint.m */; };
		05FA75731D33A393006437AC /* MASConstraint.m in Sources */ = {isa = PBXBuildFile; fileRef = 05FA755C1D33A393006437AC /* MASConstraint.m */; };
		05FA75741D33A393006437AC /* MASConstraintMaker.m in Sources */ = {isa = PBXBuildFile; fileRef = 05FA755E1D33A393006437AC /* MASConstraintMaker.m */; };
		05FA75751D33A393006437AC /* MASLayoutConstraint.m in Sources */ = {isa = PBXBuildFile; fileRef = 05FA75601D33A393006437AC /* MASLayoutConstraint.m */; };
		05FA75761D33A393006437AC /* MASViewAttribute.m in Sources */ = {isa = PBXBuildFile; fileRef = 05FA75641D33A393006437AC /* MASViewAttribute.m */; };
		05FA75771D33A393006437AC /* MASViewConstraint.m in Sources */ = {isa = PBXBuildFile; fileRef = 05FA75661D33A393006437AC /* MASViewConstraint.m */; };
		05FA75781D33A393006437AC /* NSArray+MASAdditions.m in Sources */ = {isa = PBXBuildFile; fileRef = 05FA75681D33A393006437AC /* NSArray+MASAdditions.m */; };
		05FA75791D33A393006437AC /* NSLayoutConstraint+MASDebugAdditions.m in Sources */ = {isa = PBXBuildFile; fileRef = 05FA756B1D33A393006437AC /* NSLayoutConstraint+MASDebugAdditions.m */; };
		05FA757A1D33A393006437AC /* View+MASAdditions.m in Sources */ = {isa = PBXBuildFile; fileRef = 05FA756D1D33A393006437AC /* View+MASAdditions.m */; };
		05FA757B1D33A393006437AC /* ViewController+MASAdditions.m in Sources */ = {isa = PBXBuildFile; fileRef = 05FA75701D33A393006437AC /* ViewController+MASAdditions.m */; };
		05FD68111D2C986000D6C609 /* NearbyCell.m in Sources */ = {isa = PBXBuildFile; fileRef = 05FD68101D2C986000D6C609 /* NearbyCell.m */; };
		05FD685D1D2CB67200D6C609 /* CYDSlider.m in Sources */ = {isa = PBXBuildFile; fileRef = 05FD685C1D2CB67200D6C609 /* CYDSlider.m */; };
		05FD68611D2CDFC600D6C609 /* 1@2x.png in Resources */ = {isa = PBXBuildFile; fileRef = 05FD68601D2CDFC600D6C609 /* 1@2x.png */; };
		3192A4681A65D875A4FF8614 /* libPods-HaoJuDian.a in Frameworks */ = {isa = PBXBuildFile; fileRef = 1A3FB6C3A249C579A968B687 /* libPods-HaoJuDian.a */; };
		3A955F2F1D3DD14800BF2A5E /* JD_BaseController.m in Sources */ = {isa = PBXBuildFile; fileRef = 3A955F2E1D3DD14800BF2A5E /* JD_BaseController.m */; };
		3A955F351D3DED5900BF2A5E /* BranceController.m in Sources */ = {isa = PBXBuildFile; fileRef = 3A955F341D3DED5900BF2A5E /* BranceController.m */; };
		3A955F381D3DEF5C00BF2A5E /* UIImage+Extension.m in Sources */ = {isa = PBXBuildFile; fileRef = 3A955F371D3DEF5C00BF2A5E /* UIImage+Extension.m */; };
		3A955F3B1D3DF0D200BF2A5E /* JDTools.m in Sources */ = {isa = PBXBuildFile; fileRef = 3A955F3A1D3DF0D200BF2A5E /* JDTools.m */; };
		3A955F3E1D3E1E0F00BF2A5E /* JDAlertView.m in Sources */ = {isa = PBXBuildFile; fileRef = 3A955F3D1D3E1E0F00BF2A5E /* JDAlertView.m */; };
		3A955F411D3E1F3800BF2A5E /* UIView+Extension.m in Sources */ = {isa = PBXBuildFile; fileRef = 3A955F401D3E1F3800BF2A5E /* UIView+Extension.m */; };
		3A955F441D3E1FEA00BF2A5E /* BranceRechargeController.m in Sources */ = {isa = PBXBuildFile; fileRef = 3A955F431D3E1FEA00BF2A5E /* BranceRechargeController.m */; };
		3A955F471D3E2A1800BF2A5E /* RechargeViewCell.m in Sources */ = {isa = PBXBuildFile; fileRef = 3A955F461D3E2A1800BF2A5E /* RechargeViewCell.m */; };
		3AA845921D3F234600AA9392 /* BranceBundingController.m in Sources */ = {isa = PBXBuildFile; fileRef = 3AA845911D3F234600AA9392 /* BranceBundingController.m */; };
		3AA845951D3F260900AA9392 /* BranceCaredCell.m in Sources */ = {isa = PBXBuildFile; fileRef = 3AA845941D3F260900AA9392 /* BranceCaredCell.m */; };
		3AA845981D3F26E700AA9392 /* JDBaseModel.m in Sources */ = {isa = PBXBuildFile; fileRef = 3AA845971D3F26E700AA9392 /* JDBaseModel.m */; };
		3AA8459B1D3F280400AA9392 /* BranceBankModel.m in Sources */ = {isa = PBXBuildFile; fileRef = 3AA8459A1D3F280400AA9392 /* BranceBankModel.m */; };
		3AA8459E1D3F2E2300AA9392 /* JDHttpManager.m in Sources */ = {isa = PBXBuildFile; fileRef = 3AA8459C1D3F2E2300AA9392 /* JDHttpManager.m */; };
		3AA845A11D3F50BD00AA9392 /* AddBankeNumberController.m in Sources */ = {isa = PBXBuildFile; fileRef = 3AA845A01D3F50BD00AA9392 /* AddBankeNumberController.m */; };
/* End PBXBuildFile section */

/* Begin PBXContainerItemProxy section */
		05BF1A691D2BEBB60095E18A /* PBXContainerItemProxy */ = {
			isa = PBXContainerItemProxy;
			containerPortal = 05BF1A471D2BEBB60095E18A /* Project object */;
			proxyType = 1;
			remoteGlobalIDString = 05BF1A4E1D2BEBB60095E18A;
			remoteInfo = HaoJuDian;
		};
		05BF1A741D2BEBB60095E18A /* PBXContainerItemProxy */ = {
			isa = PBXContainerItemProxy;
			containerPortal = 05BF1A471D2BEBB60095E18A /* Project object */;
			proxyType = 1;
			remoteGlobalIDString = 05BF1A4E1D2BEBB60095E18A;
			remoteInfo = HaoJuDian;
		};
/* End PBXContainerItemProxy section */

/* Begin PBXFileReference section */
		050055E71D361D270064415B /* MyInfoViewController.h */ = {isa = PBXFileReference; fileEncoding = 4; lastKnownFileType = sourcecode.c.h; path = MyInfoViewController.h; sourceTree = "<group>"; };
		050055E81D361D270064415B /* MyInfoViewController.m */ = {isa = PBXFileReference; fileEncoding = 4; lastKnownFileType = sourcecode.c.objc; path = MyInfoViewController.m; sourceTree = "<group>"; };
		054B33CA1D3879D00053F0DA /* OtherInfoViewController.h */ = {isa = PBXFileReference; fileEncoding = 4; lastKnownFileType = sourcecode.c.h; path = OtherInfoViewController.h; sourceTree = "<group>"; };
		054B33CB1D3879D00053F0DA /* OtherInfoViewController.m */ = {isa = PBXFileReference; fileEncoding = 4; lastKnownFileType = sourcecode.c.objc; path = OtherInfoViewController.m; sourceTree = "<group>"; };
		055115F91D2CFB11003255C7 /* SearchViewController.h */ = {isa = PBXFileReference; fileEncoding = 4; lastKnownFileType = sourcecode.c.h; path = SearchViewController.h; sourceTree = "<group>"; };
		055115FA1D2CFB11003255C7 /* SearchViewController.m */ = {isa = PBXFileReference; fileEncoding = 4; lastKnownFileType = sourcecode.c.objc; path = SearchViewController.m; sourceTree = "<group>"; };
		055115FE1D2D0E1F003255C7 /* backImage@2x.png */ = {isa = PBXFileReference; lastKnownFileType = image.png; path = "backImage@2x.png"; sourceTree = "<group>"; };
		055115FF1D2D0E1F003255C7 /* backImage@3x.png */ = {isa = PBXFileReference; lastKnownFileType = image.png; path = "backImage@3x.png"; sourceTree = "<group>"; };
		05513E7F1D3C7E1C00987134 /* NetWorkCommon.h */ = {isa = PBXFileReference; fileEncoding = 4; lastKnownFileType = sourcecode.c.h; path = NetWorkCommon.h; sourceTree = "<group>"; };
		05513E801D3C7E1C00987134 /* NetWorkCommon.m */ = {isa = PBXFileReference; fileEncoding = 4; lastKnownFileType = sourcecode.c.objc; path = NetWorkCommon.m; sourceTree = "<group>"; };
		05B6150B1D379326001B261F /* MyHobbyViewController.h */ = {isa = PBXFileReference; fileEncoding = 4; lastKnownFileType = sourcecode.c.h; path = MyHobbyViewController.h; sourceTree = "<group>"; };
		05B6150C1D379326001B261F /* MyHobbyViewController.m */ = {isa = PBXFileReference; fileEncoding = 4; lastKnownFileType = sourcecode.c.objc; path = MyHobbyViewController.m; sourceTree = "<group>"; };
		05BF1A4F1D2BEBB60095E18A /* HaoJuDian.app */ = {isa = PBXFileReference; explicitFileType = wrapper.application; includeInIndex = 0; path = HaoJuDian.app; sourceTree = BUILT_PRODUCTS_DIR; };
		05BF1A531D2BEBB60095E18A /* main.m */ = {isa = PBXFileReference; lastKnownFileType = sourcecode.c.objc; path = main.m; sourceTree = "<group>"; };
		05BF1A5E1D2BEBB60095E18A /* Assets.xcassets */ = {isa = PBXFileReference; lastKnownFileType = folder.assetcatalog; path = Assets.xcassets; sourceTree = "<group>"; };
		05BF1A631D2BEBB60095E18A /* Info.plist */ = {isa = PBXFileReference; lastKnownFileType = text.plist.xml; path = Info.plist; sourceTree = "<group>"; };
		05BF1A681D2BEBB60095E18A /* HaoJuDianTests.xctest */ = {isa = PBXFileReference; explicitFileType = wrapper.cfbundle; includeInIndex = 0; path = HaoJuDianTests.xctest; sourceTree = BUILT_PRODUCTS_DIR; };
		05BF1A6C1D2BEBB60095E18A /* HaoJuDianTests.m */ = {isa = PBXFileReference; lastKnownFileType = sourcecode.c.objc; path = HaoJuDianTests.m; sourceTree = "<group>"; };
		05BF1A6E1D2BEBB60095E18A /* Info.plist */ = {isa = PBXFileReference; lastKnownFileType = text.plist.xml; path = Info.plist; sourceTree = "<group>"; };
		05BF1A731D2BEBB60095E18A /* HaoJuDianUITests.xctest */ = {isa = PBXFileReference; explicitFileType = wrapper.cfbundle; includeInIndex = 0; path = HaoJuDianUITests.xctest; sourceTree = BUILT_PRODUCTS_DIR; };
		05BF1A771D2BEBB60095E18A /* HaoJuDianUITests.m */ = {isa = PBXFileReference; lastKnownFileType = sourcecode.c.objc; path = HaoJuDianUITests.m; sourceTree = "<group>"; };
		05BF1A791D2BEBB60095E18A /* Info.plist */ = {isa = PBXFileReference; lastKnownFileType = text.plist.xml; path = Info.plist; sourceTree = "<group>"; };
		05BF1A851D2BEBEC0095E18A /* Default-568h@2x.png */ = {isa = PBXFileReference; lastKnownFileType = image.png; path = "Default-568h@2x.png"; sourceTree = "<group>"; };
		05BF1A871D2BEC3A0095E18A /* Default-414w-736h@3x.png */ = {isa = PBXFileReference; lastKnownFileType = image.png; path = "Default-414w-736h@3x.png"; sourceTree = "<group>"; };
		05BF1A881D2BEC3A0095E18A /* Default-375w-667h@2x.png */ = {isa = PBXFileReference; lastKnownFileType = image.png; path = "Default-375w-667h@2x.png"; sourceTree = "<group>"; };
		05BF1A891D2BEC3A0095E18A /* Default@2x.png */ = {isa = PBXFileReference; lastKnownFileType = image.png; path = "Default@2x.png"; sourceTree = "<group>"; };
		05BF1A8E1D2BEC9D0095E18A /* AppDelegate.h */ = {isa = PBXFileReference; fileEncoding = 4; lastKnownFileType = sourcecode.c.h; path = AppDelegate.h; sourceTree = "<group>"; };
		05BF1A8F1D2BEC9D0095E18A /* AppDelegate.m */ = {isa = PBXFileReference; fileEncoding = 4; lastKnownFileType = sourcecode.c.objc; path = AppDelegate.m; sourceTree = "<group>"; };
		05BF1A901D2BEC9D0095E18A /* MainViewController.h */ = {isa = PBXFileReference; fileEncoding = 4; lastKnownFileType = sourcecode.c.h; path = MainViewController.h; sourceTree = "<group>"; };
		05BF1A911D2BEC9D0095E18A /* MainViewController.m */ = {isa = PBXFileReference; fileEncoding = 4; lastKnownFileType = sourcecode.c.objc; path = MainViewController.m; sourceTree = "<group>"; };
		05BF1A941D2BEC9D0095E18A /* CYDBaseNavigationController.h */ = {isa = PBXFileReference; fileEncoding = 4; lastKnownFileType = sourcecode.c.h; path = CYDBaseNavigationController.h; sourceTree = "<group>"; };
		05BF1A951D2BEC9D0095E18A /* CYDBaseNavigationController.m */ = {isa = PBXFileReference; fileEncoding = 4; lastKnownFileType = sourcecode.c.objc; path = CYDBaseNavigationController.m; sourceTree = "<group>"; };
		05BF1A961D2BEC9D0095E18A /* CYDNavigationController.h */ = {isa = PBXFileReference; fileEncoding = 4; lastKnownFileType = sourcecode.c.h; path = CYDNavigationController.h; sourceTree = "<group>"; };
		05BF1A971D2BEC9D0095E18A /* CYDNavigationController.m */ = {isa = PBXFileReference; fileEncoding = 4; lastKnownFileType = sourcecode.c.objc; path = CYDNavigationController.m; sourceTree = "<group>"; };
		05BF1A981D2BEC9D0095E18A /* UIColor+RandomColor.h */ = {isa = PBXFileReference; fileEncoding = 4; lastKnownFileType = sourcecode.c.h; path = "UIColor+RandomColor.h"; sourceTree = "<group>"; };
		05BF1A991D2BEC9D0095E18A /* UIColor+RandomColor.m */ = {isa = PBXFileReference; fileEncoding = 4; lastKnownFileType = sourcecode.c.objc; path = "UIColor+RandomColor.m"; sourceTree = "<group>"; };
		05BF1AA21D2BEC9D0095E18A /* FlowerViewController.h */ = {isa = PBXFileReference; fileEncoding = 4; lastKnownFileType = sourcecode.c.h; path = FlowerViewController.h; sourceTree = "<group>"; };
		05BF1AA31D2BEC9D0095E18A /* FlowerViewController.m */ = {isa = PBXFileReference; fileEncoding = 4; lastKnownFileType = sourcecode.c.objc; path = FlowerViewController.m; sourceTree = "<group>"; };
		05BF1AA81D2BEC9D0095E18A /* MeetViewController.h */ = {isa = PBXFileReference; fileEncoding = 4; lastKnownFileType = sourcecode.c.h; path = MeetViewController.h; sourceTree = "<group>"; };
		05BF1AA91D2BEC9D0095E18A /* MeetViewController.m */ = {isa = PBXFileReference; fileEncoding = 4; lastKnownFileType = sourcecode.c.objc; path = MeetViewController.m; sourceTree = "<group>"; };
		05BF1AAE1D2BEC9D0095E18A /* MessageViewController.h */ = {isa = PBXFileReference; fileEncoding = 4; lastKnownFileType = sourcecode.c.h; path = MessageViewController.h; sourceTree = "<group>"; };
		05BF1AAF1D2BEC9D0095E18A /* MessageViewController.m */ = {isa = PBXFileReference; fileEncoding = 4; lastKnownFileType = sourcecode.c.objc; path = MessageViewController.m; sourceTree = "<group>"; };
		05BF1AB61D2BEC9D0095E18A /* NewsCell.h */ = {isa = PBXFileReference; fileEncoding = 4; lastKnownFileType = sourcecode.c.h; path = NewsCell.h; sourceTree = "<group>"; };
		05BF1AB71D2BEC9D0095E18A /* NewsCell.m */ = {isa = PBXFileReference; fileEncoding = 4; lastKnownFileType = sourcecode.c.objc; path = NewsCell.m; sourceTree = "<group>"; };
		05BF1AB81D2BEC9D0095E18A /* NoticeCell.h */ = {isa = PBXFileReference; fileEncoding = 4; lastKnownFileType = sourcecode.c.h; path = NoticeCell.h; sourceTree = "<group>"; };
		05BF1AB91D2BEC9D0095E18A /* NoticeCell.m */ = {isa = PBXFileReference; fileEncoding = 4; lastKnownFileType = sourcecode.c.objc; path = NoticeCell.m; sourceTree = "<group>"; };
		05BF1ABC1D2BEC9D0095E18A /* MineViewController.h */ = {isa = PBXFileReference; fileEncoding = 4; lastKnownFileType = sourcecode.c.h; path = MineViewController.h; sourceTree = "<group>"; };
		05BF1ABD1D2BEC9D0095E18A /* MineViewController.m */ = {isa = PBXFileReference; fileEncoding = 4; lastKnownFileType = sourcecode.c.objc; path = MineViewController.m; sourceTree = "<group>"; };
		05BF1AC21D2BEC9D0095E18A /* NearbyViewController.h */ = {isa = PBXFileReference; fileEncoding = 4; lastKnownFileType = sourcecode.c.h; path = NearbyViewController.h; sourceTree = "<group>"; };
		05BF1AC31D2BEC9D0095E18A /* NearbyViewController.m */ = {isa = PBXFileReference; fileEncoding = 4; lastKnownFileType = sourcecode.c.objc; path = NearbyViewController.m; sourceTree = "<group>"; };
		05BF1AE01D2BECC20095E18A /* HaoJuDian.pch */ = {isa = PBXFileReference; fileEncoding = 4; lastKnownFileType = sourcecode.c.h; path = HaoJuDian.pch; sourceTree = "<group>"; };
		05EA54C81D40A657007C350A /* MyPhotoViewController.h */ = {isa = PBXFileReference; fileEncoding = 4; lastKnownFileType = sourcecode.c.h; path = MyPhotoViewController.h; sourceTree = "<group>"; };
		05EA54C91D40A657007C350A /* MyPhotoViewController.m */ = {isa = PBXFileReference; fileEncoding = 4; lastKnownFileType = sourcecode.c.objc; path = MyPhotoViewController.m; sourceTree = "<group>"; };
		05EA54CB1D40BC96007C350A /* PhotoCollectionViewCell.h */ = {isa = PBXFileReference; fileEncoding = 4; lastKnownFileType = sourcecode.c.h; path = PhotoCollectionViewCell.h; sourceTree = "<group>"; };
		05EA54CC1D40BC96007C350A /* PhotoCollectionViewCell.m */ = {isa = PBXFileReference; fileEncoding = 4; lastKnownFileType = sourcecode.c.objc; path = PhotoCollectionViewCell.m; sourceTree = "<group>"; };
		05EA54CF1D40C4CB007C350A /* ZWCollectionViewFlowLayout.m */ = {isa = PBXFileReference; fileEncoding = 4; lastKnownFileType = sourcecode.c.objc; path = ZWCollectionViewFlowLayout.m; sourceTree = "<group>"; };
		05EA54D01D40C4CB007C350A /* ZWCollectionViewFlowLayout.h */ = {isa = PBXFileReference; fileEncoding = 4; lastKnownFileType = sourcecode.c.h; path = ZWCollectionViewFlowLayout.h; sourceTree = "<group>"; };
		05F77A551D35D3FB002D928E /* nvdatu.png */ = {isa = PBXFileReference; lastKnownFileType = image.png; path = nvdatu.png; sourceTree = "<group>"; };
		05F77DC01D2F55E60023ECE4 /* SetViewController.h */ = {isa = PBXFileReference; fileEncoding = 4; lastKnownFileType = sourcecode.c.h; path = SetViewController.h; sourceTree = "<group>"; };
		05F77DC11D2F55E60023ECE4 /* SetViewController.m */ = {isa = PBXFileReference; fileEncoding = 4; lastKnownFileType = sourcecode.c.objc; path = SetViewController.m; sourceTree = "<group>"; };
		05F77DC31D2F5AAE0023ECE4 /* ChangePasswordViewController.h */ = {isa = PBXFileReference; fileEncoding = 4; lastKnownFileType = sourcecode.c.h; path = ChangePasswordViewController.h; sourceTree = "<group>"; };
		05F77DC41D2F5AAE0023ECE4 /* ChangePasswordViewController.m */ = {isa = PBXFileReference; fileEncoding = 4; lastKnownFileType = sourcecode.c.objc; path = ChangePasswordViewController.m; sourceTree = "<group>"; };
		05F77DC61D2F7D470023ECE4 /* PayPasswordViewController.h */ = {isa = PBXFileReference; fileEncoding = 4; lastKnownFileType = sourcecode.c.h; path = PayPasswordViewController.h; sourceTree = "<group>"; };
		05F77DC71D2F7D470023ECE4 /* PayPasswordViewController.m */ = {isa = PBXFileReference; fileEncoding = 4; lastKnownFileType = sourcecode.c.objc; path = PayPasswordViewController.m; sourceTree = "<group>"; };
		05F77DCA1D2F87000023ECE4 /* JKCountDownButton.h */ = {isa = PBXFileReference; fileEncoding = 4; lastKnownFileType = sourcecode.c.h; path = JKCountDownButton.h; sourceTree = "<group>"; };
		05F77DCB1D2F87000023ECE4 /* JKCountDownButton.m */ = {isa = PBXFileReference; fileEncoding = 4; lastKnownFileType = sourcecode.c.objc; path = JKCountDownButton.m; sourceTree = "<group>"; };
		05F77DCD1D2F8EB10023ECE4 /* ShowViewController.h */ = {isa = PBXFileReference; fileEncoding = 4; lastKnownFileType = sourcecode.c.h; path = ShowViewController.h; sourceTree = "<group>"; };
		05F77DCE1D2F8EB10023ECE4 /* ShowViewController.m */ = {isa = PBXFileReference; fileEncoding = 4; lastKnownFileType = sourcecode.c.objc; path = ShowViewController.m; sourceTree = "<group>"; };
		05F78ECA1D2DF02400AB61F5 /* GiftCell.h */ = {isa = PBXFileReference; fileEncoding = 4; lastKnownFileType = sourcecode.c.h; path = GiftCell.h; sourceTree = "<group>"; };
		05F78ECB1D2DF02400AB61F5 /* GiftCell.m */ = {isa = PBXFileReference; fileEncoding = 4; lastKnownFileType = sourcecode.c.objc; path = GiftCell.m; sourceTree = "<group>"; };
		05F78ECD1D2E028300AB61F5 /* BeanCell.h */ = {isa = PBXFileReference; fileEncoding = 4; lastKnownFileType = sourcecode.c.h; path = BeanCell.h; sourceTree = "<group>"; };
		05F78ECE1D2E028300AB61F5 /* BeanCell.m */ = {isa = PBXFileReference; fileEncoding = 4; lastKnownFileType = sourcecode.c.objc; path = BeanCell.m; sourceTree = "<group>"; };
		05F78ED01D2E600500AB61F5 /* youjiantou.png */ = {isa = PBXFileReference; lastKnownFileType = image.png; path = youjiantou.png; sourceTree = "<group>"; };
		05FA74BB1D333737006437AC /* LoginViewController.h */ = {isa = PBXFileReference; fileEncoding = 4; lastKnownFileType = sourcecode.c.h; path = LoginViewController.h; sourceTree = "<group>"; };
		05FA74BC1D333737006437AC /* LoginViewController.m */ = {isa = PBXFileReference; fileEncoding = 4; lastKnownFileType = sourcecode.c.objc; path = LoginViewController.m; sourceTree = "<group>"; };
		05FA74BE1D335186006437AC /* FindPasswordViewController.h */ = {isa = PBXFileReference; fileEncoding = 4; lastKnownFileType = sourcecode.c.h; path = FindPasswordViewController.h; sourceTree = "<group>"; };
		05FA74BF1D335186006437AC /* FindPasswordViewController.m */ = {isa = PBXFileReference; fileEncoding = 4; lastKnownFileType = sourcecode.c.objc; path = FindPasswordViewController.m; sourceTree = "<group>"; };
		05FA74C11D336F5E006437AC /* RegisterFirstViewController.h */ = {isa = PBXFileReference; fileEncoding = 4; lastKnownFileType = sourcecode.c.h; path = RegisterFirstViewController.h; sourceTree = "<group>"; };
		05FA74C21D336F5E006437AC /* RegisterFirstViewController.m */ = {isa = PBXFileReference; fileEncoding = 4; lastKnownFileType = sourcecode.c.objc; path = RegisterFirstViewController.m; sourceTree = "<group>"; };
		05FA74C41D3372B8006437AC /* RegisterSecondViewController.h */ = {isa = PBXFileReference; fileEncoding = 4; lastKnownFileType = sourcecode.c.h; path = RegisterSecondViewController.h; sourceTree = "<group>"; };
		05FA74C51D3372B8006437AC /* RegisterSecondViewController.m */ = {isa = PBXFileReference; fileEncoding = 4; lastKnownFileType = sourcecode.c.objc; path = RegisterSecondViewController.m; sourceTree = "<group>"; };
		05FA752F1D338C8B006437AC /* CardContentView.xib */ = {isa = PBXFileReference; fileEncoding = 4; lastKnownFileType = file.xib; path = CardContentView.xib; sourceTree = "<group>"; };
		05FA75301D338C8B006437AC /* UIColor+FlatColors.h */ = {isa = PBXFileReference; fileEncoding = 4; lastKnownFileType = sourcecode.c.h; path = "UIColor+FlatColors.h"; sourceTree = "<group>"; };
		05FA75311D338C8B006437AC /* UIColor+FlatColors.m */ = {isa = PBXFileReference; fileEncoding = 4; lastKnownFileType = sourcecode.c.objc; path = "UIColor+FlatColors.m"; sourceTree = "<group>"; };
		05FA75331D338C8B006437AC /* DefaultDirectionInterpretor.h */ = {isa = PBXFileReference; fileEncoding = 4; lastKnownFileType = sourcecode.c.h; path = DefaultDirectionInterpretor.h; sourceTree = "<group>"; };
		05FA75341D338C8B006437AC /* DefaultDirectionInterpretor.m */ = {isa = PBXFileReference; fileEncoding = 4; lastKnownFileType = sourcecode.c.objc; path = DefaultDirectionInterpretor.m; sourceTree = "<group>"; };
		05FA75351D338C8B006437AC /* DefaultShouldSwipeDeterminator.h */ = {isa = PBXFileReference; fileEncoding = 4; lastKnownFileType = sourcecode.c.h; path = DefaultShouldSwipeDeterminator.h; sourceTree = "<group>"; };
		05FA75361D338C8B006437AC /* DefaultShouldSwipeDeterminator.m */ = {isa = PBXFileReference; fileEncoding = 4; lastKnownFileType = sourcecode.c.objc; path = DefaultShouldSwipeDeterminator.m; sourceTree = "<group>"; };
		05FA75371D338C8B006437AC /* DefaultViewAnimator.h */ = {isa = PBXFileReference; fileEncoding = 4; lastKnownFileType = sourcecode.c.h; path = DefaultViewAnimator.h; sourceTree = "<group>"; };
		05FA75381D338C8B006437AC /* DefaultViewAnimator.m */ = {isa = PBXFileReference; fileEncoding = 4; lastKnownFileType = sourcecode.c.objc; path = DefaultViewAnimator.m; sourceTree = "<group>"; };
		05FA75391D338C8B006437AC /* PanGestureRecognizer.h */ = {isa = PBXFileReference; fileEncoding = 4; lastKnownFileType = sourcecode.c.h; path = PanGestureRecognizer.h; sourceTree = "<group>"; };
		05FA753A1D338C8B006437AC /* PanGestureRecognizer.m */ = {isa = PBXFileReference; fileEncoding = 4; lastKnownFileType = sourcecode.c.objc; path = PanGestureRecognizer.m; sourceTree = "<group>"; };
		05FA753B1D338C8B006437AC /* Scheduler.h */ = {isa = PBXFileReference; fileEncoding = 4; lastKnownFileType = sourcecode.c.h; path = Scheduler.h; sourceTree = "<group>"; };
		05FA753C1D338C8B006437AC /* Scheduler.m */ = {isa = PBXFileReference; fileEncoding = 4; lastKnownFileType = sourcecode.c.objc; path = Scheduler.m; sourceTree = "<group>"; };
		05FA753D1D338C8B006437AC /* Utils.h */ = {isa = PBXFileReference; fileEncoding = 4; lastKnownFileType = sourcecode.c.h; path = Utils.h; sourceTree = "<group>"; };
		05FA753E1D338C8B006437AC /* Utils.m */ = {isa = PBXFileReference; fileEncoding = 4; lastKnownFileType = sourcecode.c.objc; path = Utils.m; sourceTree = "<group>"; };
		05FA753F1D338C8B006437AC /* ViewManager.h */ = {isa = PBXFileReference; fileEncoding = 4; lastKnownFileType = sourcecode.c.h; path = ViewManager.h; sourceTree = "<group>"; };
		05FA75401D338C8B006437AC /* ViewManager.m */ = {isa = PBXFileReference; fileEncoding = 4; lastKnownFileType = sourcecode.c.objc; path = ViewManager.m; sourceTree = "<group>"; };
		05FA75411D338C8B006437AC /* ZLSwipeableView.h */ = {isa = PBXFileReference; fileEncoding = 4; lastKnownFileType = sourcecode.c.h; path = ZLSwipeableView.h; sourceTree = "<group>"; };
		05FA75421D338C8B006437AC /* ZLSwipeableView.m */ = {isa = PBXFileReference; fileEncoding = 4; lastKnownFileType = sourcecode.c.objc; path = ZLSwipeableView.m; sourceTree = "<group>"; };
		05FA75431D338C8B006437AC /* ZLSwipeableViewMovement.h */ = {isa = PBXFileReference; fileEncoding = 4; lastKnownFileType = sourcecode.c.h; path = ZLSwipeableViewMovement.h; sourceTree = "<group>"; };
		05FA75441D338C8B006437AC /* ZLSwipeableViewMovement.m */ = {isa = PBXFileReference; fileEncoding = 4; lastKnownFileType = sourcecode.c.objc; path = ZLSwipeableViewMovement.m; sourceTree = "<group>"; };
		05FA75451D338C8B006437AC /* ZLSwipeableViewSwipeOptions.h */ = {isa = PBXFileReference; fileEncoding = 4; lastKnownFileType = sourcecode.c.h; path = ZLSwipeableViewSwipeOptions.h; sourceTree = "<group>"; };
		05FA75461D338C8B006437AC /* ZLSwipeableViewSwipeOptions.m */ = {isa = PBXFileReference; fileEncoding = 4; lastKnownFileType = sourcecode.c.objc; path = ZLSwipeableViewSwipeOptions.m; sourceTree = "<group>"; };
		05FA75531D338F76006437AC /* CardView.m */ = {isa = PBXFileReference; fileEncoding = 4; lastKnownFileType = sourcecode.c.objc; path = CardView.m; sourceTree = "<group>"; };
		05FA75541D338F76006437AC /* CardView.h */ = {isa = PBXFileReference; fileEncoding = 4; lastKnownFileType = sourcecode.c.h; path = CardView.h; sourceTree = "<group>"; };
		05FA75571D33A393006437AC /* Info.plist */ = {isa = PBXFileReference; fileEncoding = 4; lastKnownFileType = text.plist.xml; path = Info.plist; sourceTree = "<group>"; };
		05FA75581D33A393006437AC /* MASCompositeConstraint.h */ = {isa = PBXFileReference; fileEncoding = 4; lastKnownFileType = sourcecode.c.h; path = MASCompositeConstraint.h; sourceTree = "<group>"; };
		05FA75591D33A393006437AC /* MASCompositeConstraint.m */ = {isa = PBXFileReference; fileEncoding = 4; lastKnownFileType = sourcecode.c.objc; path = MASCompositeConstraint.m; sourceTree = "<group>"; };
		05FA755A1D33A393006437AC /* MASConstraint+Private.h */ = {isa = PBXFileReference; fileEncoding = 4; lastKnownFileType = sourcecode.c.h; path = "MASConstraint+Private.h"; sourceTree = "<group>"; };
		05FA755B1D33A393006437AC /* MASConstraint.h */ = {isa = PBXFileReference; fileEncoding = 4; lastKnownFileType = sourcecode.c.h; path = MASConstraint.h; sourceTree = "<group>"; };
		05FA755C1D33A393006437AC /* MASConstraint.m */ = {isa = PBXFileReference; fileEncoding = 4; lastKnownFileType = sourcecode.c.objc; path = MASConstraint.m; sourceTree = "<group>"; };
		05FA755D1D33A393006437AC /* MASConstraintMaker.h */ = {isa = PBXFileReference; fileEncoding = 4; lastKnownFileType = sourcecode.c.h; path = MASConstraintMaker.h; sourceTree = "<group>"; };
		05FA755E1D33A393006437AC /* MASConstraintMaker.m */ = {isa = PBXFileReference; fileEncoding = 4; lastKnownFileType = sourcecode.c.objc; path = MASConstraintMaker.m; sourceTree = "<group>"; };
		05FA755F1D33A393006437AC /* MASLayoutConstraint.h */ = {isa = PBXFileReference; fileEncoding = 4; lastKnownFileType = sourcecode.c.h; path = MASLayoutConstraint.h; sourceTree = "<group>"; };
		05FA75601D33A393006437AC /* MASLayoutConstraint.m */ = {isa = PBXFileReference; fileEncoding = 4; lastKnownFileType = sourcecode.c.objc; path = MASLayoutConstraint.m; sourceTree = "<group>"; };
		05FA75611D33A393006437AC /* Masonry.h */ = {isa = PBXFileReference; fileEncoding = 4; lastKnownFileType = sourcecode.c.h; path = Masonry.h; sourceTree = "<group>"; };
		05FA75621D33A393006437AC /* MASUtilities.h */ = {isa = PBXFileReference; fileEncoding = 4; lastKnownFileType = sourcecode.c.h; path = MASUtilities.h; sourceTree = "<group>"; };
		05FA75631D33A393006437AC /* MASViewAttribute.h */ = {isa = PBXFileReference; fileEncoding = 4; lastKnownFileType = sourcecode.c.h; path = MASViewAttribute.h; sourceTree = "<group>"; };
		05FA75641D33A393006437AC /* MASViewAttribute.m */ = {isa = PBXFileReference; fileEncoding = 4; lastKnownFileType = sourcecode.c.objc; path = MASViewAttribute.m; sourceTree = "<group>"; };
		05FA75651D33A393006437AC /* MASViewConstraint.h */ = {isa = PBXFileReference; fileEncoding = 4; lastKnownFileType = sourcecode.c.h; path = MASViewConstraint.h; sourceTree = "<group>"; };
		05FA75661D33A393006437AC /* MASViewConstraint.m */ = {isa = PBXFileReference; fileEncoding = 4; lastKnownFileType = sourcecode.c.objc; path = MASViewConstraint.m; sourceTree = "<group>"; };
		05FA75671D33A393006437AC /* NSArray+MASAdditions.h */ = {isa = PBXFileReference; fileEncoding = 4; lastKnownFileType = sourcecode.c.h; path = "NSArray+MASAdditions.h"; sourceTree = "<group>"; };
		05FA75681D33A393006437AC /* NSArray+MASAdditions.m */ = {isa = PBXFileReference; fileEncoding = 4; lastKnownFileType = sourcecode.c.objc; path = "NSArray+MASAdditions.m"; sourceTree = "<group>"; };
		05FA75691D33A393006437AC /* NSArray+MASShorthandAdditions.h */ = {isa = PBXFileReference; fileEncoding = 4; lastKnownFileType = sourcecode.c.h; path = "NSArray+MASShorthandAdditions.h"; sourceTree = "<group>"; };
		05FA756A1D33A393006437AC /* NSLayoutConstraint+MASDebugAdditions.h */ = {isa = PBXFileReference; fileEncoding = 4; lastKnownFileType = sourcecode.c.h; path = "NSLayoutConstraint+MASDebugAdditions.h"; sourceTree = "<group>"; };
		05FA756B1D33A393006437AC /* NSLayoutConstraint+MASDebugAdditions.m */ = {isa = PBXFileReference; fileEncoding = 4; lastKnownFileType = sourcecode.c.objc; path = "NSLayoutConstraint+MASDebugAdditions.m"; sourceTree = "<group>"; };
		05FA756C1D33A393006437AC /* View+MASAdditions.h */ = {isa = PBXFileReference; fileEncoding = 4; lastKnownFileType = sourcecode.c.h; path = "View+MASAdditions.h"; sourceTree = "<group>"; };
		05FA756D1D33A393006437AC /* View+MASAdditions.m */ = {isa = PBXFileReference; fileEncoding = 4; lastKnownFileType = sourcecode.c.objc; path = "View+MASAdditions.m"; sourceTree = "<group>"; };
		05FA756E1D33A393006437AC /* View+MASShorthandAdditions.h */ = {isa = PBXFileReference; fileEncoding = 4; lastKnownFileType = sourcecode.c.h; path = "View+MASShorthandAdditions.h"; sourceTree = "<group>"; };
		05FA756F1D33A393006437AC /* ViewController+MASAdditions.h */ = {isa = PBXFileReference; fileEncoding = 4; lastKnownFileType = sourcecode.c.h; path = "ViewController+MASAdditions.h"; sourceTree = "<group>"; };
		05FA75701D33A393006437AC /* ViewController+MASAdditions.m */ = {isa = PBXFileReference; fileEncoding = 4; lastKnownFileType = sourcecode.c.objc; path = "ViewController+MASAdditions.m"; sourceTree = "<group>"; };
		05FD680F1D2C986000D6C609 /* NearbyCell.h */ = {isa = PBXFileReference; fileEncoding = 4; lastKnownFileType = sourcecode.c.h; path = NearbyCell.h; sourceTree = "<group>"; };
		05FD68101D2C986000D6C609 /* NearbyCell.m */ = {isa = PBXFileReference; fileEncoding = 4; lastKnownFileType = sourcecode.c.objc; path = NearbyCell.m; sourceTree = "<group>"; };
		05FD685B1D2CB67200D6C609 /* CYDSlider.h */ = {isa = PBXFileReference; fileEncoding = 4; lastKnownFileType = sourcecode.c.h; path = CYDSlider.h; sourceTree = "<group>"; };
		05FD685C1D2CB67200D6C609 /* CYDSlider.m */ = {isa = PBXFileReference; fileEncoding = 4; lastKnownFileType = sourcecode.c.objc; path = CYDSlider.m; sourceTree = "<group>"; };
		05FD68601D2CDFC600D6C609 /* 1@2x.png */ = {isa = PBXFileReference; lastKnownFileType = image.png; path = "1@2x.png"; sourceTree = "<group>"; };
		1A3FB6C3A249C579A968B687 /* libPods-HaoJuDian.a */ = {isa = PBXFileReference; explicitFileType = archive.ar; includeInIndex = 0; path = "libPods-HaoJuDian.a"; sourceTree = BUILT_PRODUCTS_DIR; };
		3A955F2D1D3DD14800BF2A5E /* JD_BaseController.h */ = {isa = PBXFileReference; fileEncoding = 4; lastKnownFileType = sourcecode.c.h; path = JD_BaseController.h; sourceTree = "<group>"; };
		3A955F2E1D3DD14800BF2A5E /* JD_BaseController.m */ = {isa = PBXFileReference; fileEncoding = 4; lastKnownFileType = sourcecode.c.objc; path = JD_BaseController.m; sourceTree = "<group>"; };
		3A955F331D3DED5900BF2A5E /* BranceController.h */ = {isa = PBXFileReference; fileEncoding = 4; lastKnownFileType = sourcecode.c.h; path = BranceController.h; sourceTree = "<group>"; };
		3A955F341D3DED5900BF2A5E /* BranceController.m */ = {isa = PBXFileReference; fileEncoding = 4; lastKnownFileType = sourcecode.c.objc; path = BranceController.m; sourceTree = "<group>"; };
		3A955F361D3DEF5C00BF2A5E /* UIImage+Extension.h */ = {isa = PBXFileReference; fileEncoding = 4; lastKnownFileType = sourcecode.c.h; name = "UIImage+Extension.h"; path = "../../AppDelegate/BaseNavigation/UIImage+Extension.h"; sourceTree = "<group>"; };
		3A955F371D3DEF5C00BF2A5E /* UIImage+Extension.m */ = {isa = PBXFileReference; fileEncoding = 4; lastKnownFileType = sourcecode.c.objc; name = "UIImage+Extension.m"; path = "../../AppDelegate/BaseNavigation/UIImage+Extension.m"; sourceTree = "<group>"; };
		3A955F391D3DF0D200BF2A5E /* JDTools.h */ = {isa = PBXFileReference; fileEncoding = 4; lastKnownFileType = sourcecode.c.h; name = JDTools.h; path = ../../Vendors/JDTools.h; sourceTree = "<group>"; };
		3A955F3A1D3DF0D200BF2A5E /* JDTools.m */ = {isa = PBXFileReference; fileEncoding = 4; lastKnownFileType = sourcecode.c.objc; name = JDTools.m; path = ../../Vendors/JDTools.m; sourceTree = "<group>"; };
		3A955F3C1D3E1E0F00BF2A5E /* JDAlertView.h */ = {isa = PBXFileReference; fileEncoding = 4; lastKnownFileType = sourcecode.c.h; name = JDAlertView.h; path = ../../Vendors/JDAlertView.h; sourceTree = "<group>"; };
		3A955F3D1D3E1E0F00BF2A5E /* JDAlertView.m */ = {isa = PBXFileReference; fileEncoding = 4; lastKnownFileType = sourcecode.c.objc; name = JDAlertView.m; path = ../../Vendors/JDAlertView.m; sourceTree = "<group>"; };
		3A955F3F1D3E1F3800BF2A5E /* UIView+Extension.h */ = {isa = PBXFileReference; fileEncoding = 4; lastKnownFileType = sourcecode.c.h; name = "UIView+Extension.h"; path = "../../Vendors/JKCountDownButton/UIView+Extension.h"; sourceTree = "<group>"; };
		3A955F401D3E1F3800BF2A5E /* UIView+Extension.m */ = {isa = PBXFileReference; fileEncoding = 4; lastKnownFileType = sourcecode.c.objc; name = "UIView+Extension.m"; path = "../../Vendors/JKCountDownButton/UIView+Extension.m"; sourceTree = "<group>"; };
		3A955F421D3E1FEA00BF2A5E /* BranceRechargeController.h */ = {isa = PBXFileReference; fileEncoding = 4; lastKnownFileType = sourcecode.c.h; path = BranceRechargeController.h; sourceTree = "<group>"; };
		3A955F431D3E1FEA00BF2A5E /* BranceRechargeController.m */ = {isa = PBXFileReference; fileEncoding = 4; lastKnownFileType = sourcecode.c.objc; path = BranceRechargeController.m; sourceTree = "<group>"; };
		3A955F451D3E2A1800BF2A5E /* RechargeViewCell.h */ = {isa = PBXFileReference; fileEncoding = 4; lastKnownFileType = sourcecode.c.h; path = RechargeViewCell.h; sourceTree = "<group>"; };
		3A955F461D3E2A1800BF2A5E /* RechargeViewCell.m */ = {isa = PBXFileReference; fileEncoding = 4; lastKnownFileType = sourcecode.c.objc; path = RechargeViewCell.m; sourceTree = "<group>"; };
		3AA845901D3F234600AA9392 /* BranceBundingController.h */ = {isa = PBXFileReference; fileEncoding = 4; lastKnownFileType = sourcecode.c.h; path = BranceBundingController.h; sourceTree = "<group>"; };
		3AA845911D3F234600AA9392 /* BranceBundingController.m */ = {isa = PBXFileReference; fileEncoding = 4; lastKnownFileType = sourcecode.c.objc; path = BranceBundingController.m; sourceTree = "<group>"; };
		3AA845931D3F260900AA9392 /* BranceCaredCell.h */ = {isa = PBXFileReference; fileEncoding = 4; lastKnownFileType = sourcecode.c.h; path = BranceCaredCell.h; sourceTree = "<group>"; };
		3AA845941D3F260900AA9392 /* BranceCaredCell.m */ = {isa = PBXFileReference; fileEncoding = 4; lastKnownFileType = sourcecode.c.objc; path = BranceCaredCell.m; sourceTree = "<group>"; };
		3AA845961D3F26E700AA9392 /* JDBaseModel.h */ = {isa = PBXFileReference; fileEncoding = 4; lastKnownFileType = sourcecode.c.h; path = JDBaseModel.h; sourceTree = "<group>"; };
		3AA845971D3F26E700AA9392 /* JDBaseModel.m */ = {isa = PBXFileReference; fileEncoding = 4; lastKnownFileType = sourcecode.c.objc; path = JDBaseModel.m; sourceTree = "<group>"; };
		3AA845991D3F280400AA9392 /* BranceBankModel.h */ = {isa = PBXFileReference; fileEncoding = 4; lastKnownFileType = sourcecode.c.h; path = BranceBankModel.h; sourceTree = "<group>"; };
		3AA8459A1D3F280400AA9392 /* BranceBankModel.m */ = {isa = PBXFileReference; fileEncoding = 4; lastKnownFileType = sourcecode.c.objc; path = BranceBankModel.m; sourceTree = "<group>"; };
		3AA8459C1D3F2E2300AA9392 /* JDHttpManager.m */ = {isa = PBXFileReference; fileEncoding = 4; lastKnownFileType = sourcecode.c.objc; path = JDHttpManager.m; sourceTree = "<group>"; };
		3AA8459D1D3F2E2300AA9392 /* JDHttpManager.h */ = {isa = PBXFileReference; fileEncoding = 4; lastKnownFileType = sourcecode.c.h; path = JDHttpManager.h; sourceTree = "<group>"; };
		3AA8459F1D3F50BD00AA9392 /* AddBankeNumberController.h */ = {isa = PBXFileReference; fileEncoding = 4; lastKnownFileType = sourcecode.c.h; path = AddBankeNumberController.h; sourceTree = "<group>"; };
		3AA845A01D3F50BD00AA9392 /* AddBankeNumberController.m */ = {isa = PBXFileReference; fileEncoding = 4; lastKnownFileType = sourcecode.c.objc; path = AddBankeNumberController.m; sourceTree = "<group>"; };
		3AC9389A1D3DBC4300B2CA58 /* URL.h */ = {isa = PBXFileReference; lastKnownFileType = sourcecode.c.h; path = URL.h; sourceTree = "<group>"; };
		3AC9389B1D3DBC5700B2CA58 /* ToolDefine.h */ = {isa = PBXFileReference; lastKnownFileType = sourcecode.c.h; path = ToolDefine.h; sourceTree = "<group>"; };
		48629B2E65DF7D958F9B7C92 /* Pods-HaoJuDian.debug.xcconfig */ = {isa = PBXFileReference; includeInIndex = 1; lastKnownFileType = text.xcconfig; name = "Pods-HaoJuDian.debug.xcconfig"; path = "Pods/Target Support Files/Pods-HaoJuDian/Pods-HaoJuDian.debug.xcconfig"; sourceTree = "<group>"; };
		8016B84D71263C43D92802DA /* Pods-HaoJuDian.release.xcconfig */ = {isa = PBXFileReference; includeInIndex = 1; lastKnownFileType = text.xcconfig; name = "Pods-HaoJuDian.release.xcconfig"; path = "Pods/Target Support Files/Pods-HaoJuDian/Pods-HaoJuDian.release.xcconfig"; sourceTree = "<group>"; };
/* End PBXFileReference section */

/* Begin PBXFrameworksBuildPhase section */
		05BF1A4C1D2BEBB60095E18A /* Frameworks */ = {
			isa = PBXFrameworksBuildPhase;
			buildActionMask = 2147483647;
			files = (
				3192A4681A65D875A4FF8614 /* libPods-HaoJuDian.a in Frameworks */,
			);
			runOnlyForDeploymentPostprocessing = 0;
		};
		05BF1A651D2BEBB60095E18A /* Frameworks */ = {
			isa = PBXFrameworksBuildPhase;
			buildActionMask = 2147483647;
			files = (
			);
			runOnlyForDeploymentPostprocessing = 0;
		};
		05BF1A701D2BEBB60095E18A /* Frameworks */ = {
			isa = PBXFrameworksBuildPhase;
			buildActionMask = 2147483647;
			files = (
			);
			runOnlyForDeploymentPostprocessing = 0;
		};
/* End PBXFrameworksBuildPhase section */

/* Begin PBXGroup section */
		055115F71D2CFB11003255C7 /* Search */ = {
			isa = PBXGroup;
			children = (
				055115F81D2CFB11003255C7 /* Controller */,
				055115FB1D2CFB11003255C7 /* Model */,
				055115FC1D2CFB11003255C7 /* View */,
			);
			path = Search;
			sourceTree = "<group>";
		};
		055115F81D2CFB11003255C7 /* Controller */ = {
			isa = PBXGroup;
			children = (
				055115F91D2CFB11003255C7 /* SearchViewController.h */,
				055115FA1D2CFB11003255C7 /* SearchViewController.m */,
			);
			path = Controller;
			sourceTree = "<group>";
		};
		055115FB1D2CFB11003255C7 /* Model */ = {
			isa = PBXGroup;
			children = (
			);
			path = Model;
			sourceTree = "<group>";
		};
		055115FC1D2CFB11003255C7 /* View */ = {
			isa = PBXGroup;
			children = (
			);
			path = View;
			sourceTree = "<group>";
		};
		05513E7B1D3C781B00987134 /* Tools */ = {
			isa = PBXGroup;
			children = (
				3AA8459D1D3F2E2300AA9392 /* JDHttpManager.h */,
				3AA8459C1D3F2E2300AA9392 /* JDHttpManager.m */,
				3A955F391D3DF0D200BF2A5E /* JDTools.h */,
				3A955F3A1D3DF0D200BF2A5E /* JDTools.m */,
				3A955F361D3DEF5C00BF2A5E /* UIImage+Extension.h */,
				3A955F371D3DEF5C00BF2A5E /* UIImage+Extension.m */,
				3A955F3C1D3E1E0F00BF2A5E /* JDAlertView.h */,
				3A955F3D1D3E1E0F00BF2A5E /* JDAlertView.m */,
				3A955F3F1D3E1F3800BF2A5E /* UIView+Extension.h */,
				3A955F401D3E1F3800BF2A5E /* UIView+Extension.m */,
				05513E7F1D3C7E1C00987134 /* NetWorkCommon.h */,
				05513E801D3C7E1C00987134 /* NetWorkCommon.m */,
				3AA845961D3F26E700AA9392 /* JDBaseModel.h */,
				3AA845971D3F26E700AA9392 /* JDBaseModel.m */,
			);
			path = Tools;
			sourceTree = "<group>";
		};
		05BF1A461D2BEBB60095E18A = {
			isa = PBXGroup;
			children = (
				05BF1A871D2BEC3A0095E18A /* Default-414w-736h@3x.png */,
				05BF1A881D2BEC3A0095E18A /* Default-375w-667h@2x.png */,
				05BF1A891D2BEC3A0095E18A /* Default@2x.png */,
				05BF1A851D2BEBEC0095E18A /* Default-568h@2x.png */,
				05BF1A511D2BEBB60095E18A /* HaoJuDian */,
				05BF1A6B1D2BEBB60095E18A /* HaoJuDianTests */,
				05BF1A761D2BEBB60095E18A /* HaoJuDianUITests */,
				05BF1A501D2BEBB60095E18A /* Products */,
				07EB8F3D7DE10E62EF986E53 /* Pods */,
				E49E5493583DB70A75D1F6FF /* Frameworks */,
			);
			sourceTree = "<group>";
		};
		05BF1A501D2BEBB60095E18A /* Products */ = {
			isa = PBXGroup;
			children = (
				05BF1A4F1D2BEBB60095E18A /* HaoJuDian.app */,
				05BF1A681D2BEBB60095E18A /* HaoJuDianTests.xctest */,
				05BF1A731D2BEBB60095E18A /* HaoJuDianUITests.xctest */,
			);
			name = Products;
			sourceTree = "<group>";
		};
		05BF1A511D2BEBB60095E18A /* HaoJuDian */ = {
			isa = PBXGroup;
			children = (
				05BF1A8D1D2BEC9D0095E18A /* AppDelegate */,
				05BF1A921D2BEC9D0095E18A /* Helpers */,
				05BF1A9A1D2BEC9D0095E18A /* Resources */,
				05BF1A9F1D2BEC9D0095E18A /* Sections */,
				05BF1ACC1D2BEC9D0095E18A /* Vendors */,
				05BF1A521D2BEBB60095E18A /* Supporting Files */,
			);
			path = HaoJuDian;
			sourceTree = "<group>";
		};
		05BF1A521D2BEBB60095E18A /* Supporting Files */ = {
			isa = PBXGroup;
			children = (
				05BF1A5E1D2BEBB60095E18A /* Assets.xcassets */,
				05BF1A631D2BEBB60095E18A /* Info.plist */,
				05BF1A531D2BEBB60095E18A /* main.m */,
				05BF1AE01D2BECC20095E18A /* HaoJuDian.pch */,
				3AC9389B1D3DBC5700B2CA58 /* ToolDefine.h */,
				3AC9389A1D3DBC4300B2CA58 /* URL.h */,
			);
			name = "Supporting Files";
			sourceTree = "<group>";
		};
		05BF1A6B1D2BEBB60095E18A /* HaoJuDianTests */ = {
			isa = PBXGroup;
			children = (
				05BF1A6C1D2BEBB60095E18A /* HaoJuDianTests.m */,
				05BF1A6E1D2BEBB60095E18A /* Info.plist */,
			);
			path = HaoJuDianTests;
			sourceTree = "<group>";
		};
		05BF1A761D2BEBB60095E18A /* HaoJuDianUITests */ = {
			isa = PBXGroup;
			children = (
				05BF1A771D2BEBB60095E18A /* HaoJuDianUITests.m */,
				05BF1A791D2BEBB60095E18A /* Info.plist */,
			);
			path = HaoJuDianUITests;
			sourceTree = "<group>";
		};
		05BF1A8D1D2BEC9D0095E18A /* AppDelegate */ = {
			isa = PBXGroup;
			children = (
				3A955F2C1D3DD11E00BF2A5E /* BaseNavigation */,
				05BF1A8E1D2BEC9D0095E18A /* AppDelegate.h */,
				05BF1A8F1D2BEC9D0095E18A /* AppDelegate.m */,
				05BF1A901D2BEC9D0095E18A /* MainViewController.h */,
				05BF1A911D2BEC9D0095E18A /* MainViewController.m */,
			);
			path = AppDelegate;
			sourceTree = "<group>";
		};
		05BF1A921D2BEC9D0095E18A /* Helpers */ = {
			isa = PBXGroup;
			children = (
				05513E7B1D3C781B00987134 /* Tools */,
				05FD68121D2C9CBA00D6C609 /* MyViews */,
				05BF1A931D2BEC9D0095E18A /* CYDNavigationController */,
			);
			path = Helpers;
			sourceTree = "<group>";
		};
		05BF1A931D2BEC9D0095E18A /* CYDNavigationController */ = {
			isa = PBXGroup;
			children = (
				05BF1A941D2BEC9D0095E18A /* CYDBaseNavigationController.h */,
				05BF1A951D2BEC9D0095E18A /* CYDBaseNavigationController.m */,
				05BF1A961D2BEC9D0095E18A /* CYDNavigationController.h */,
				05BF1A971D2BEC9D0095E18A /* CYDNavigationController.m */,
				05BF1A981D2BEC9D0095E18A /* UIColor+RandomColor.h */,
				05BF1A991D2BEC9D0095E18A /* UIColor+RandomColor.m */,
			);
			path = CYDNavigationController;
			sourceTree = "<group>";
		};
		05BF1A9A1D2BEC9D0095E18A /* Resources */ = {
			isa = PBXGroup;
			children = (
				05F77A551D35D3FB002D928E /* nvdatu.png */,
				05F78ED01D2E600500AB61F5 /* youjiantou.png */,
				055115FE1D2D0E1F003255C7 /* backImage@2x.png */,
				055115FF1D2D0E1F003255C7 /* backImage@3x.png */,
				05FD68601D2CDFC600D6C609 /* 1@2x.png */,
			);
			path = Resources;
			sourceTree = "<group>";
		};
		05BF1A9F1D2BEC9D0095E18A /* Sections */ = {
			isa = PBXGroup;
			children = (
				05BF1AA01D2BEC9D0095E18A /* Flower */,
				05BF1AA61D2BEC9D0095E18A /* Meet */,
				05BF1AAC1D2BEC9D0095E18A /* Message */,
				05BF1ABA1D2BEC9D0095E18A /* Mine */,
				05BF1AC01D2BEC9D0095E18A /* Nearby */,
			);
			path = Sections;
			sourceTree = "<group>";
		};
		05BF1AA01D2BEC9D0095E18A /* Flower */ = {
			isa = PBXGroup;
			children = (
				05BF1AA11D2BEC9D0095E18A /* Controller */,
				05BF1AA41D2BEC9D0095E18A /* Model */,
				05BF1AA51D2BEC9D0095E18A /* View */,
			);
			path = Flower;
			sourceTree = "<group>";
		};
		05BF1AA11D2BEC9D0095E18A /* Controller */ = {
			isa = PBXGroup;
			children = (
				05BF1AA21D2BEC9D0095E18A /* FlowerViewController.h */,
				05BF1AA31D2BEC9D0095E18A /* FlowerViewController.m */,
			);
			path = Controller;
			sourceTree = "<group>";
		};
		05BF1AA41D2BEC9D0095E18A /* Model */ = {
			isa = PBXGroup;
			children = (
			);
			path = Model;
			sourceTree = "<group>";
		};
		05BF1AA51D2BEC9D0095E18A /* View */ = {
			isa = PBXGroup;
			children = (
				05F78ECA1D2DF02400AB61F5 /* GiftCell.h */,
				05F78ECB1D2DF02400AB61F5 /* GiftCell.m */,
				05F78ECD1D2E028300AB61F5 /* BeanCell.h */,
				05F78ECE1D2E028300AB61F5 /* BeanCell.m */,
			);
			path = View;
			sourceTree = "<group>";
		};
		05BF1AA61D2BEC9D0095E18A /* Meet */ = {
			isa = PBXGroup;
			children = (
				05BF1AA71D2BEC9D0095E18A /* Controller */,
				05BF1AAA1D2BEC9D0095E18A /* Model */,
				05BF1AAB1D2BEC9D0095E18A /* View */,
			);
			path = Meet;
			sourceTree = "<group>";
		};
		05BF1AA71D2BEC9D0095E18A /* Controller */ = {
			isa = PBXGroup;
			children = (
				05BF1AA81D2BEC9D0095E18A /* MeetViewController.h */,
				05BF1AA91D2BEC9D0095E18A /* MeetViewController.m */,
			);
			path = Controller;
			sourceTree = "<group>";
		};
		05BF1AAA1D2BEC9D0095E18A /* Model */ = {
			isa = PBXGroup;
			children = (
			);
			path = Model;
			sourceTree = "<group>";
		};
		05BF1AAB1D2BEC9D0095E18A /* View */ = {
			isa = PBXGroup;
			children = (
				05FA75541D338F76006437AC /* CardView.h */,
				05FA75531D338F76006437AC /* CardView.m */,
			);
			path = View;
			sourceTree = "<group>";
		};
		05BF1AAC1D2BEC9D0095E18A /* Message */ = {
			isa = PBXGroup;
			children = (
				05BF1AAD1D2BEC9D0095E18A /* Controller */,
				05BF1AB41D2BEC9D0095E18A /* Model */,
				05BF1AB51D2BEC9D0095E18A /* View */,
			);
			path = Message;
			sourceTree = "<group>";
		};
		05BF1AAD1D2BEC9D0095E18A /* Controller */ = {
			isa = PBXGroup;
			children = (
				05BF1AAE1D2BEC9D0095E18A /* MessageViewController.h */,
				05BF1AAF1D2BEC9D0095E18A /* MessageViewController.m */,
			);
			path = Controller;
			sourceTree = "<group>";
		};
		05BF1AB41D2BEC9D0095E18A /* Model */ = {
			isa = PBXGroup;
			children = (
			);
			path = Model;
			sourceTree = "<group>";
		};
		05BF1AB51D2BEC9D0095E18A /* View */ = {
			isa = PBXGroup;
			children = (
				05BF1AB61D2BEC9D0095E18A /* NewsCell.h */,
				05BF1AB71D2BEC9D0095E18A /* NewsCell.m */,
				05BF1AB81D2BEC9D0095E18A /* NoticeCell.h */,
				05BF1AB91D2BEC9D0095E18A /* NoticeCell.m */,
			);
			path = View;
			sourceTree = "<group>";
		};
		05BF1ABA1D2BEC9D0095E18A /* Mine */ = {
			isa = PBXGroup;
			children = (
				05EA54C41D40A642007C350A /* MyPhoto */,
				3A955F241D3DCA3000BF2A5E /* Balance */,
				05FA74B71D333729006437AC /* LoginAndRegister */,
				05F77DBC1D2F55AB0023ECE4 /* Set */,
				05BF1ABB1D2BEC9D0095E18A /* Controller */,
				05BF1ABE1D2BEC9D0095E18A /* Model */,
				05BF1ABF1D2BEC9D0095E18A /* View */,
			);
			path = Mine;
			sourceTree = "<group>";
		};
		05BF1ABB1D2BEC9D0095E18A /* Controller */ = {
			isa = PBXGroup;
			children = (
				05BF1ABC1D2BEC9D0095E18A /* MineViewController.h */,
				05BF1ABD1D2BEC9D0095E18A /* MineViewController.m */,
				050055E71D361D270064415B /* MyInfoViewController.h */,
				050055E81D361D270064415B /* MyInfoViewController.m */,
				05B6150B1D379326001B261F /* MyHobbyViewController.h */,
				05B6150C1D379326001B261F /* MyHobbyViewController.m */,
				054B33CA1D3879D00053F0DA /* OtherInfoViewController.h */,
				054B33CB1D3879D00053F0DA /* OtherInfoViewController.m */,
			);
			path = Controller;
			sourceTree = "<group>";
		};
		05BF1ABE1D2BEC9D0095E18A /* Model */ = {
			isa = PBXGroup;
			children = (
			);
			path = Model;
			sourceTree = "<group>";
		};
		05BF1ABF1D2BEC9D0095E18A /* View */ = {
			isa = PBXGroup;
			children = (
			);
			path = View;
			sourceTree = "<group>";
		};
		05BF1AC01D2BEC9D0095E18A /* Nearby */ = {
			isa = PBXGroup;
			children = (
				055115F71D2CFB11003255C7 /* Search */,
				05BF1AC11D2BEC9D0095E18A /* Controller */,
				05BF1AC41D2BEC9D0095E18A /* Model */,
				05BF1AC51D2BEC9D0095E18A /* View */,
			);
			path = Nearby;
			sourceTree = "<group>";
		};
		05BF1AC11D2BEC9D0095E18A /* Controller */ = {
			isa = PBXGroup;
			children = (
				05BF1AC21D2BEC9D0095E18A /* NearbyViewController.h */,
				05BF1AC31D2BEC9D0095E18A /* NearbyViewController.m */,
			);
			path = Controller;
			sourceTree = "<group>";
		};
		05BF1AC41D2BEC9D0095E18A /* Model */ = {
			isa = PBXGroup;
			children = (
			);
			path = Model;
			sourceTree = "<group>";
		};
		05BF1AC51D2BEC9D0095E18A /* View */ = {
			isa = PBXGroup;
			children = (
				05FD680F1D2C986000D6C609 /* NearbyCell.h */,
				05FD68101D2C986000D6C609 /* NearbyCell.m */,
			);
			path = View;
			sourceTree = "<group>";
		};
		05BF1ACC1D2BEC9D0095E18A /* Vendors */ = {
			isa = PBXGroup;
			children = (
				05EA54CE1D40C4A1007C350A /* ZWCollectionViewFlowLayout */,
				05FA75561D33A393006437AC /* Masonry */,
				05FA752E1D338C8B006437AC /* UIColor+FlatColors */,
				05FA75321D338C8B006437AC /* ZLSwipeableView */,
				05F77DC91D2F87000023ECE4 /* JKCountDownButton */,
			);
			path = Vendors;
			sourceTree = "<group>";
		};
		05EA54C41D40A642007C350A /* MyPhoto */ = {
			isa = PBXGroup;
			children = (
				05EA54C51D40A642007C350A /* Controller */,
				05EA54C61D40A642007C350A /* Model */,
				05EA54C71D40A642007C350A /* View */,
			);
			path = MyPhoto;
			sourceTree = "<group>";
		};
		05EA54C51D40A642007C350A /* Controller */ = {
			isa = PBXGroup;
			children = (
				05EA54C81D40A657007C350A /* MyPhotoViewController.h */,
				05EA54C91D40A657007C350A /* MyPhotoViewController.m */,
			);
			path = Controller;
			sourceTree = "<group>";
		};
		05EA54C61D40A642007C350A /* Model */ = {
			isa = PBXGroup;
			children = (
			);
			path = Model;
			sourceTree = "<group>";
		};
		05EA54C71D40A642007C350A /* View */ = {
			isa = PBXGroup;
			children = (
				05EA54CB1D40BC96007C350A /* PhotoCollectionViewCell.h */,
				05EA54CC1D40BC96007C350A /* PhotoCollectionViewCell.m */,
			);
			path = View;
			sourceTree = "<group>";
		};
		05EA54CE1D40C4A1007C350A /* ZWCollectionViewFlowLayout */ = {
			isa = PBXGroup;
			children = (
				05EA54D01D40C4CB007C350A /* ZWCollectionViewFlowLayout.h */,
				05EA54CF1D40C4CB007C350A /* ZWCollectionViewFlowLayout.m */,
			);
			path = ZWCollectionViewFlowLayout;
			sourceTree = "<group>";
		};
		05F77DBC1D2F55AB0023ECE4 /* Set */ = {
			isa = PBXGroup;
			children = (
				05F77DBD1D2F55AB0023ECE4 /* Controller */,
				05F77DBE1D2F55AB0023ECE4 /* Model */,
				05F77DBF1D2F55AB0023ECE4 /* View */,
			);
			path = Set;
			sourceTree = "<group>";
		};
		05F77DBD1D2F55AB0023ECE4 /* Controller */ = {
			isa = PBXGroup;
			children = (
				05F77DC01D2F55E60023ECE4 /* SetViewController.h */,
				05F77DC11D2F55E60023ECE4 /* SetViewController.m */,
				05F77DC31D2F5AAE0023ECE4 /* ChangePasswordViewController.h */,
				05F77DC41D2F5AAE0023ECE4 /* ChangePasswordViewController.m */,
				05F77DC61D2F7D470023ECE4 /* PayPasswordViewController.h */,
				05F77DC71D2F7D470023ECE4 /* PayPasswordViewController.m */,
				05F77DCD1D2F8EB10023ECE4 /* ShowViewController.h */,
				05F77DCE1D2F8EB10023ECE4 /* ShowViewController.m */,
			);
			path = Controller;
			sourceTree = "<group>";
		};
		05F77DBE1D2F55AB0023ECE4 /* Model */ = {
			isa = PBXGroup;
			children = (
			);
			path = Model;
			sourceTree = "<group>";
		};
		05F77DBF1D2F55AB0023ECE4 /* View */ = {
			isa = PBXGroup;
			children = (
			);
			path = View;
			sourceTree = "<group>";
		};
		05F77DC91D2F87000023ECE4 /* JKCountDownButton */ = {
			isa = PBXGroup;
			children = (
				05F77DCA1D2F87000023ECE4 /* JKCountDownButton.h */,
				05F77DCB1D2F87000023ECE4 /* JKCountDownButton.m */,
			);
			path = JKCountDownButton;
			sourceTree = "<group>";
		};
		05FA74B71D333729006437AC /* LoginAndRegister */ = {
			isa = PBXGroup;
			children = (
				05FA74B81D333729006437AC /* Controller */,
				05FA74B91D333729006437AC /* Model */,
				05FA74BA1D333729006437AC /* View */,
			);
			path = LoginAndRegister;
			sourceTree = "<group>";
		};
		05FA74B81D333729006437AC /* Controller */ = {
			isa = PBXGroup;
			children = (
				05FA74BB1D333737006437AC /* LoginViewController.h */,
				05FA74BC1D333737006437AC /* LoginViewController.m */,
				05FA74BE1D335186006437AC /* FindPasswordViewController.h */,
				05FA74BF1D335186006437AC /* FindPasswordViewController.m */,
				05FA74C11D336F5E006437AC /* RegisterFirstViewController.h */,
				05FA74C21D336F5E006437AC /* RegisterFirstViewController.m */,
				05FA74C41D3372B8006437AC /* RegisterSecondViewController.h */,
				05FA74C51D3372B8006437AC /* RegisterSecondViewController.m */,
			);
			path = Controller;
			sourceTree = "<group>";
		};
		05FA74B91D333729006437AC /* Model */ = {
			isa = PBXGroup;
			children = (
			);
			path = Model;
			sourceTree = "<group>";
		};
		05FA74BA1D333729006437AC /* View */ = {
			isa = PBXGroup;
			children = (
			);
			path = View;
			sourceTree = "<group>";
		};
		05FA752E1D338C8B006437AC /* UIColor+FlatColors */ = {
			isa = PBXGroup;
			children = (
				05FA752F1D338C8B006437AC /* CardContentView.xib */,
				05FA75301D338C8B006437AC /* UIColor+FlatColors.h */,
				05FA75311D338C8B006437AC /* UIColor+FlatColors.m */,
			);
			path = "UIColor+FlatColors";
			sourceTree = "<group>";
		};
		05FA75321D338C8B006437AC /* ZLSwipeableView */ = {
			isa = PBXGroup;
			children = (
				05FA75331D338C8B006437AC /* DefaultDirectionInterpretor.h */,
				05FA75341D338C8B006437AC /* DefaultDirectionInterpretor.m */,
				05FA75351D338C8B006437AC /* DefaultShouldSwipeDeterminator.h */,
				05FA75361D338C8B006437AC /* DefaultShouldSwipeDeterminator.m */,
				05FA75371D338C8B006437AC /* DefaultViewAnimator.h */,
				05FA75381D338C8B006437AC /* DefaultViewAnimator.m */,
				05FA75391D338C8B006437AC /* PanGestureRecognizer.h */,
				05FA753A1D338C8B006437AC /* PanGestureRecognizer.m */,
				05FA753B1D338C8B006437AC /* Scheduler.h */,
				05FA753C1D338C8B006437AC /* Scheduler.m */,
				05FA753D1D338C8B006437AC /* Utils.h */,
				05FA753E1D338C8B006437AC /* Utils.m */,
				05FA753F1D338C8B006437AC /* ViewManager.h */,
				05FA75401D338C8B006437AC /* ViewManager.m */,
				05FA75411D338C8B006437AC /* ZLSwipeableView.h */,
				05FA75421D338C8B006437AC /* ZLSwipeableView.m */,
				05FA75431D338C8B006437AC /* ZLSwipeableViewMovement.h */,
				05FA75441D338C8B006437AC /* ZLSwipeableViewMovement.m */,
				05FA75451D338C8B006437AC /* ZLSwipeableViewSwipeOptions.h */,
				05FA75461D338C8B006437AC /* ZLSwipeableViewSwipeOptions.m */,
			);
			path = ZLSwipeableView;
			sourceTree = "<group>";
		};
		05FA75561D33A393006437AC /* Masonry */ = {
			isa = PBXGroup;
			children = (
				05FA75571D33A393006437AC /* Info.plist */,
				05FA75581D33A393006437AC /* MASCompositeConstraint.h */,
				05FA75591D33A393006437AC /* MASCompositeConstraint.m */,
				05FA755A1D33A393006437AC /* MASConstraint+Private.h */,
				05FA755B1D33A393006437AC /* MASConstraint.h */,
				05FA755C1D33A393006437AC /* MASConstraint.m */,
				05FA755D1D33A393006437AC /* MASConstraintMaker.h */,
				05FA755E1D33A393006437AC /* MASConstraintMaker.m */,
				05FA755F1D33A393006437AC /* MASLayoutConstraint.h */,
				05FA75601D33A393006437AC /* MASLayoutConstraint.m */,
				05FA75611D33A393006437AC /* Masonry.h */,
				05FA75621D33A393006437AC /* MASUtilities.h */,
				05FA75631D33A393006437AC /* MASViewAttribute.h */,
				05FA75641D33A393006437AC /* MASViewAttribute.m */,
				05FA75651D33A393006437AC /* MASViewConstraint.h */,
				05FA75661D33A393006437AC /* MASViewConstraint.m */,
				05FA75671D33A393006437AC /* NSArray+MASAdditions.h */,
				05FA75681D33A393006437AC /* NSArray+MASAdditions.m */,
				05FA75691D33A393006437AC /* NSArray+MASShorthandAdditions.h */,
				05FA756A1D33A393006437AC /* NSLayoutConstraint+MASDebugAdditions.h */,
				05FA756B1D33A393006437AC /* NSLayoutConstraint+MASDebugAdditions.m */,
				05FA756C1D33A393006437AC /* View+MASAdditions.h */,
				05FA756D1D33A393006437AC /* View+MASAdditions.m */,
				05FA756E1D33A393006437AC /* View+MASShorthandAdditions.h */,
				05FA756F1D33A393006437AC /* ViewController+MASAdditions.h */,
				05FA75701D33A393006437AC /* ViewController+MASAdditions.m */,
			);
			path = Masonry;
			sourceTree = "<group>";
		};
		05FD68121D2C9CBA00D6C609 /* MyViews */ = {
			isa = PBXGroup;
			children = (
				05FD685B1D2CB67200D6C609 /* CYDSlider.h */,
				05FD685C1D2CB67200D6C609 /* CYDSlider.m */,
			);
			path = MyViews;
			sourceTree = "<group>";
		};
		07EB8F3D7DE10E62EF986E53 /* Pods */ = {
			isa = PBXGroup;
			children = (
				48629B2E65DF7D958F9B7C92 /* Pods-HaoJuDian.debug.xcconfig */,
				8016B84D71263C43D92802DA /* Pods-HaoJuDian.release.xcconfig */,
			);
			name = Pods;
			sourceTree = "<group>";
		};
		3A955F241D3DCA3000BF2A5E /* Balance */ = {
			isa = PBXGroup;
			children = (
				3A955F291D3DCDD200BF2A5E /* Controller */,
				3A955F2A1D3DCDD200BF2A5E /* Model */,
				3A955F2B1D3DCDD200BF2A5E /* View */,
			);
			path = Balance;
			sourceTree = "<group>";
		};
		3A955F291D3DCDD200BF2A5E /* Controller */ = {
			isa = PBXGroup;
			children = (
				3A955F331D3DED5900BF2A5E /* BranceController.h */,
				3A955F341D3DED5900BF2A5E /* BranceController.m */,
				3A955F421D3E1FEA00BF2A5E /* BranceRechargeController.h */,
				3A955F431D3E1FEA00BF2A5E /* BranceRechargeController.m */,
				3AA845901D3F234600AA9392 /* BranceBundingController.h */,
				3AA845911D3F234600AA9392 /* BranceBundingController.m */,
				3AA8459F1D3F50BD00AA9392 /* AddBankeNumberController.h */,
				3AA845A01D3F50BD00AA9392 /* AddBankeNumberController.m */,
			);
			path = Controller;
			sourceTree = "<group>";
		};
		3A955F2A1D3DCDD200BF2A5E /* Model */ = {
			isa = PBXGroup;
			children = (
				3AA845991D3F280400AA9392 /* BranceBankModel.h */,
				3AA8459A1D3F280400AA9392 /* BranceBankModel.m */,
			);
			path = Model;
			sourceTree = "<group>";
		};
		3A955F2B1D3DCDD200BF2A5E /* View */ = {
			isa = PBXGroup;
			children = (
				3A955F451D3E2A1800BF2A5E /* RechargeViewCell.h */,
				3A955F461D3E2A1800BF2A5E /* RechargeViewCell.m */,
				3AA845931D3F260900AA9392 /* BranceCaredCell.h */,
				3AA845941D3F260900AA9392 /* BranceCaredCell.m */,
			);
			path = View;
			sourceTree = "<group>";
		};
		3A955F2C1D3DD11E00BF2A5E /* BaseNavigation */ = {
			isa = PBXGroup;
			children = (
				3A955F2D1D3DD14800BF2A5E /* JD_BaseController.h */,
				3A955F2E1D3DD14800BF2A5E /* JD_BaseController.m */,
			);
			path = BaseNavigation;
			sourceTree = "<group>";
		};
		E49E5493583DB70A75D1F6FF /* Frameworks */ = {
			isa = PBXGroup;
			children = (
				1A3FB6C3A249C579A968B687 /* libPods-HaoJuDian.a */,
			);
			name = Frameworks;
			sourceTree = "<group>";
		};
/* End PBXGroup section */

/* Begin PBXNativeTarget section */
		05BF1A4E1D2BEBB60095E18A /* HaoJuDian */ = {
			isa = PBXNativeTarget;
			buildConfigurationList = 05BF1A7C1D2BEBB60095E18A /* Build configuration list for PBXNativeTarget "HaoJuDian" */;
			buildPhases = (
				E6C00DF90BE2A4AFFCA08514 /* [CP] Check Pods Manifest.lock */,
				05BF1A4B1D2BEBB60095E18A /* Sources */,
				05BF1A4C1D2BEBB60095E18A /* Frameworks */,
				05BF1A4D1D2BEBB60095E18A /* Resources */,
				13CF146129E95F22D6D8800F /* [CP] Embed Pods Frameworks */,
				D0E17D956C429D3F7CB0CDCB /* [CP] Copy Pods Resources */,
			);
			buildRules = (
			);
			dependencies = (
			);
			name = HaoJuDian;
			productName = HaoJuDian;
			productReference = 05BF1A4F1D2BEBB60095E18A /* HaoJuDian.app */;
			productType = "com.apple.product-type.application";
		};
		05BF1A671D2BEBB60095E18A /* HaoJuDianTests */ = {
			isa = PBXNativeTarget;
			buildConfigurationList = 05BF1A7F1D2BEBB60095E18A /* Build configuration list for PBXNativeTarget "HaoJuDianTests" */;
			buildPhases = (
				05BF1A641D2BEBB60095E18A /* Sources */,
				05BF1A651D2BEBB60095E18A /* Frameworks */,
				05BF1A661D2BEBB60095E18A /* Resources */,
			);
			buildRules = (
			);
			dependencies = (
				05BF1A6A1D2BEBB60095E18A /* PBXTargetDependency */,
			);
			name = HaoJuDianTests;
			productName = HaoJuDianTests;
			productReference = 05BF1A681D2BEBB60095E18A /* HaoJuDianTests.xctest */;
			productType = "com.apple.product-type.bundle.unit-test";
		};
		05BF1A721D2BEBB60095E18A /* HaoJuDianUITests */ = {
			isa = PBXNativeTarget;
			buildConfigurationList = 05BF1A821D2BEBB60095E18A /* Build configuration list for PBXNativeTarget "HaoJuDianUITests" */;
			buildPhases = (
				05BF1A6F1D2BEBB60095E18A /* Sources */,
				05BF1A701D2BEBB60095E18A /* Frameworks */,
				05BF1A711D2BEBB60095E18A /* Resources */,
			);
			buildRules = (
			);
			dependencies = (
				05BF1A751D2BEBB60095E18A /* PBXTargetDependency */,
			);
			name = HaoJuDianUITests;
			productName = HaoJuDianUITests;
			productReference = 05BF1A731D2BEBB60095E18A /* HaoJuDianUITests.xctest */;
			productType = "com.apple.product-type.bundle.ui-testing";
		};
/* End PBXNativeTarget section */

/* Begin PBXProject section */
		05BF1A471D2BEBB60095E18A /* Project object */ = {
			isa = PBXProject;
			attributes = {
				LastUpgradeCheck = 0730;
				ORGANIZATIONNAME = "陈义德";
				TargetAttributes = {
					05BF1A4E1D2BEBB60095E18A = {
						CreatedOnToolsVersion = 7.3.1;
						DevelopmentTeam = F76X23Q8KN;
					};
					05BF1A671D2BEBB60095E18A = {
						CreatedOnToolsVersion = 7.3.1;
						DevelopmentTeam = F76X23Q8KN;
						TestTargetID = 05BF1A4E1D2BEBB60095E18A;
					};
					05BF1A721D2BEBB60095E18A = {
						CreatedOnToolsVersion = 7.3.1;
						DevelopmentTeam = F76X23Q8KN;
						TestTargetID = 05BF1A4E1D2BEBB60095E18A;
					};
				};
			};
			buildConfigurationList = 05BF1A4A1D2BEBB60095E18A /* Build configuration list for PBXProject "HaoJuDian" */;
			compatibilityVersion = "Xcode 3.2";
			developmentRegion = English;
			hasScannedForEncodings = 0;
			knownRegions = (
				en,
				Base,
			);
			mainGroup = 05BF1A461D2BEBB60095E18A;
			productRefGroup = 05BF1A501D2BEBB60095E18A /* Products */;
			projectDirPath = "";
			projectRoot = "";
			targets = (
				05BF1A4E1D2BEBB60095E18A /* HaoJuDian */,
				05BF1A671D2BEBB60095E18A /* HaoJuDianTests */,
				05BF1A721D2BEBB60095E18A /* HaoJuDianUITests */,
			);
		};
/* End PBXProject section */

/* Begin PBXResourcesBuildPhase section */
		05BF1A4D1D2BEBB60095E18A /* Resources */ = {
			isa = PBXResourcesBuildPhase;
			buildActionMask = 2147483647;
			files = (
				05BF1A8A1D2BEC3A0095E18A /* Default-414w-736h@3x.png in Resources */,
				05BF1A8B1D2BEC3A0095E18A /* Default-375w-667h@2x.png in Resources */,
				05FA75471D338C8B006437AC /* CardContentView.xib in Resources */,
				055116011D2D0E1F003255C7 /* backImage@3x.png in Resources */,
				05FD68611D2CDFC600D6C609 /* 1@2x.png in Resources */,
				05BF1A8C1D2BEC3A0095E18A /* Default@2x.png in Resources */,
				05BF1A5F1D2BEBB60095E18A /* Assets.xcassets in Resources */,
				05FA75711D33A393006437AC /* Info.plist in Resources */,
				05F78ED11D2E600500AB61F5 /* youjiantou.png in Resources */,
				055116001D2D0E1F003255C7 /* backImage@2x.png in Resources */,
				05BF1A861D2BEBEC0095E18A /* Default-568h@2x.png in Resources */,
				05F77A561D35D3FB002D928E /* nvdatu.png in Resources */,
			);
			runOnlyForDeploymentPostprocessing = 0;
		};
		05BF1A661D2BEBB60095E18A /* Resources */ = {
			isa = PBXResourcesBuildPhase;
			buildActionMask = 2147483647;
			files = (
			);
			runOnlyForDeploymentPostprocessing = 0;
		};
		05BF1A711D2BEBB60095E18A /* Resources */ = {
			isa = PBXResourcesBuildPhase;
			buildActionMask = 2147483647;
			files = (
			);
			runOnlyForDeploymentPostprocessing = 0;
		};
/* End PBXResourcesBuildPhase section */

/* Begin PBXShellScriptBuildPhase section */
		13CF146129E95F22D6D8800F /* [CP] Embed Pods Frameworks */ = {
			isa = PBXShellScriptBuildPhase;
			buildActionMask = 2147483647;
			files = (
			);
			inputPaths = (
			);
			name = "[CP] Embed Pods Frameworks";
			outputPaths = (
			);
			runOnlyForDeploymentPostprocessing = 0;
			shellPath = /bin/sh;
			shellScript = "\"${SRCROOT}/Pods/Target Support Files/Pods-HaoJuDian/Pods-HaoJuDian-frameworks.sh\"\n";
			showEnvVarsInLog = 0;
		};
		D0E17D956C429D3F7CB0CDCB /* [CP] Copy Pods Resources */ = {
			isa = PBXShellScriptBuildPhase;
			buildActionMask = 2147483647;
			files = (
			);
			inputPaths = (
			);
			name = "[CP] Copy Pods Resources";
			outputPaths = (
			);
			runOnlyForDeploymentPostprocessing = 0;
			shellPath = /bin/sh;
			shellScript = "\"${SRCROOT}/Pods/Target Support Files/Pods-HaoJuDian/Pods-HaoJuDian-resources.sh\"\n";
			showEnvVarsInLog = 0;
		};
		E6C00DF90BE2A4AFFCA08514 /* [CP] Check Pods Manifest.lock */ = {
			isa = PBXShellScriptBuildPhase;
			buildActionMask = 2147483647;
			files = (
			);
			inputPaths = (
			);
			name = "[CP] Check Pods Manifest.lock";
			outputPaths = (
			);
			runOnlyForDeploymentPostprocessing = 0;
			shellPath = /bin/sh;
			shellScript = "diff \"${PODS_ROOT}/../Podfile.lock\" \"${PODS_ROOT}/Manifest.lock\" > /dev/null\nif [[ $? != 0 ]] ; then\n    cat << EOM\nerror: The sandbox is not in sync with the Podfile.lock. Run 'pod install' or update your CocoaPods installation.\nEOM\n    exit 1\nfi\n";
			showEnvVarsInLog = 0;
		};
/* End PBXShellScriptBuildPhase section */

/* Begin PBXSourcesBuildPhase section */
		05BF1A4B1D2BEBB60095E18A /* Sources */ = {
			isa = PBXSourcesBuildPhase;
			buildActionMask = 2147483647;
			files = (
				05FA75771D33A393006437AC /* MASViewConstraint.m in Sources */,
				05EA54CA1D40A657007C350A /* MyPhotoViewController.m in Sources */,
				05BF1ACD1D2BEC9D0095E18A /* AppDelegate.m in Sources */,
				05FA75761D33A393006437AC /* MASViewAttribute.m in Sources */,
				05FA754D1D338C8B006437AC /* Scheduler.m in Sources */,
				05BF1ADD1D2BEC9D0095E18A /* MineViewController.m in Sources */,
				05FA75521D338C8B006437AC /* ZLSwipeableViewSwipeOptions.m in Sources */,
				05FA75721D33A393006437AC /* MASCompositeConstraint.m in Sources */,
				05FA75791D33A393006437AC /* NSLayoutConstraint+MASDebugAdditions.m in Sources */,
				3AA845A11D3F50BD00AA9392 /* AddBankeNumberController.m in Sources */,
				05BF1AD71D2BEC9D0095E18A /* MeetViewController.m in Sources */,
				3A955F3E1D3E1E0F00BF2A5E /* JDAlertView.m in Sources */,
				05513E811D3C7E1C00987134 /* NetWorkCommon.m in Sources */,
				05EA54D11D40C4CB007C350A /* ZWCollectionViewFlowLayout.m in Sources */,
				05BF1ADB1D2BEC9D0095E18A /* NewsCell.m in Sources */,
				05F77DCC1D2F87000023ECE4 /* JKCountDownButton.m in Sources */,
				05FA757B1D33A393006437AC /* ViewController+MASAdditions.m in Sources */,
				05BF1ACE1D2BEC9D0095E18A /* MainViewController.m in Sources */,
				055115FD1D2CFB11003255C7 /* SearchViewController.m in Sources */,
				3A955F381D3DEF5C00BF2A5E /* UIImage+Extension.m in Sources */,
				05FA754C1D338C8B006437AC /* PanGestureRecognizer.m in Sources */,
				05BF1A541D2BEBB60095E18A /* main.m in Sources */,
				05FA74BD1D333737006437AC /* LoginViewController.m in Sources */,
				05FA754F1D338C8B006437AC /* ViewManager.m in Sources */,
				05FA74C31D336F5E006437AC /* RegisterFirstViewController.m in Sources */,
				05FA75511D338C8B006437AC /* ZLSwipeableViewMovement.m in Sources */,
				05FA75781D33A393006437AC /* NSArray+MASAdditions.m in Sources */,
				05FA757A1D33A393006437AC /* View+MASAdditions.m in Sources */,
				050055E91D361D270064415B /* MyInfoViewController.m in Sources */,
				05F78ECF1D2E028300AB61F5 /* BeanCell.m in Sources */,
				05BF1ADE1D2BEC9D0095E18A /* NearbyViewController.m in Sources */,
				05BF1ACF1D2BEC9D0095E18A /* CYDBaseNavigationController.m in Sources */,
				05FA75551D338F76006437AC /* CardView.m in Sources */,
				05BF1AD61D2BEC9D0095E18A /* FlowerViewController.m in Sources */,
				05FA74C61D3372B8006437AC /* RegisterSecondViewController.m in Sources */,
				05BF1AD81D2BEC9D0095E18A /* MessageViewController.m in Sources */,
				05FA754A1D338C8B006437AC /* DefaultShouldSwipeDeterminator.m in Sources */,
				3AA845981D3F26E700AA9392 /* JDBaseModel.m in Sources */,
				05FA75731D33A393006437AC /* MASConstraint.m in Sources */,
				05FA754B1D338C8B006437AC /* DefaultViewAnimator.m in Sources */,
				3A955F3B1D3DF0D200BF2A5E /* JDTools.m in Sources */,
				05FA75501D338C8B006437AC /* ZLSwipeableView.m in Sources */,
				3AA8459E1D3F2E2300AA9392 /* JDHttpManager.m in Sources */,
				3A955F351D3DED5900BF2A5E /* BranceController.m in Sources */,
				05FD685D1D2CB67200D6C609 /* CYDSlider.m in Sources */,
				05F77DC51D2F5AAE0023ECE4 /* ChangePasswordViewController.m in Sources */,
				05BF1AD11D2BEC9D0095E18A /* UIColor+RandomColor.m in Sources */,
				05F77DCF1D2F8EB10023ECE4 /* ShowViewController.m in Sources */,
				05F77DC81D2F7D470023ECE4 /* PayPasswordViewController.m in Sources */,
				3AA845921D3F234600AA9392 /* BranceBundingController.m in Sources */,
				05F77DC21D2F55E60023ECE4 /* SetViewController.m in Sources */,
				3AA845951D3F260900AA9392 /* BranceCaredCell.m in Sources */,
				05FD68111D2C986000D6C609 /* NearbyCell.m in Sources */,
				05FA74C01D335186006437AC /* FindPasswordViewController.m in Sources */,
				3A955F471D3E2A1800BF2A5E /* RechargeViewCell.m in Sources */,
				05FA75741D33A393006437AC /* MASConstraintMaker.m in Sources */,
				05FA75751D33A393006437AC /* MASLayoutConstraint.m in Sources */,
				05FA75491D338C8B006437AC /* DefaultDirectionInterpretor.m in Sources */,
				3A955F411D3E1F3800BF2A5E /* UIView+Extension.m in Sources */,
				054B33CC1D3879D00053F0DA /* OtherInfoViewController.m in Sources */,
				05FA75481D338C8B006437AC /* UIColor+FlatColors.m in Sources */,
				3A955F441D3E1FEA00BF2A5E /* BranceRechargeController.m in Sources */,
				05EA54CD1D40BC96007C350A /* PhotoCollectionViewCell.m in Sources */,
				3A955F2F1D3DD14800BF2A5E /* JD_BaseController.m in Sources */,
				05B6150D1D379326001B261F /* MyHobbyViewController.m in Sources */,
				3AA8459B1D3F280400AA9392 /* BranceBankModel.m in Sources */,
				05BF1ADC1D2BEC9D0095E18A /* NoticeCell.m in Sources */,
				05F78ECC1D2DF02400AB61F5 /* GiftCell.m in Sources */,
				05BF1AD01D2BEC9D0095E18A /* CYDNavigationController.m in Sources */,
				05FA754E1D338C8B006437AC /* Utils.m in Sources */,
			);
			runOnlyForDeploymentPostprocessing = 0;
		};
		05BF1A641D2BEBB60095E18A /* Sources */ = {
			isa = PBXSourcesBuildPhase;
			buildActionMask = 2147483647;
			files = (
				05BF1A6D1D2BEBB60095E18A /* HaoJuDianTests.m in Sources */,
			);
			runOnlyForDeploymentPostprocessing = 0;
		};
		05BF1A6F1D2BEBB60095E18A /* Sources */ = {
			isa = PBXSourcesBuildPhase;
			buildActionMask = 2147483647;
			files = (
				05BF1A781D2BEBB60095E18A /* HaoJuDianUITests.m in Sources */,
			);
			runOnlyForDeploymentPostprocessing = 0;
		};
/* End PBXSourcesBuildPhase section */

/* Begin PBXTargetDependency section */
		05BF1A6A1D2BEBB60095E18A /* PBXTargetDependency */ = {
			isa = PBXTargetDependency;
			target = 05BF1A4E1D2BEBB60095E18A /* HaoJuDian */;
			targetProxy = 05BF1A691D2BEBB60095E18A /* PBXContainerItemProxy */;
		};
		05BF1A751D2BEBB60095E18A /* PBXTargetDependency */ = {
			isa = PBXTargetDependency;
			target = 05BF1A4E1D2BEBB60095E18A /* HaoJuDian */;
			targetProxy = 05BF1A741D2BEBB60095E18A /* PBXContainerItemProxy */;
		};
/* End PBXTargetDependency section */

/* Begin XCBuildConfiguration section */
		05BF1A7A1D2BEBB60095E18A /* Debug */ = {
			isa = XCBuildConfiguration;
			buildSettings = {
				ALWAYS_SEARCH_USER_PATHS = NO;
				CLANG_ANALYZER_NONNULL = YES;
				CLANG_CXX_LANGUAGE_STANDARD = "gnu++0x";
				CLANG_CXX_LIBRARY = "libc++";
				CLANG_ENABLE_MODULES = YES;
				CLANG_ENABLE_OBJC_ARC = YES;
				CLANG_WARN_BOOL_CONVERSION = YES;
				CLANG_WARN_CONSTANT_CONVERSION = YES;
				CLANG_WARN_DIRECT_OBJC_ISA_USAGE = YES_ERROR;
				CLANG_WARN_EMPTY_BODY = YES;
				CLANG_WARN_ENUM_CONVERSION = YES;
				CLANG_WARN_INT_CONVERSION = YES;
				CLANG_WARN_OBJC_ROOT_CLASS = YES_ERROR;
				CLANG_WARN_UNREACHABLE_CODE = YES;
				CLANG_WARN__DUPLICATE_METHOD_MATCH = YES;
				"CODE_SIGN_IDENTITY[sdk=iphoneos*]" = "iPhone Developer";
				COPY_PHASE_STRIP = NO;
				DEBUG_INFORMATION_FORMAT = dwarf;
				ENABLE_STRICT_OBJC_MSGSEND = YES;
				ENABLE_TESTABILITY = YES;
				GCC_C_LANGUAGE_STANDARD = gnu99;
				GCC_DYNAMIC_NO_PIC = NO;
				GCC_NO_COMMON_BLOCKS = YES;
				GCC_OPTIMIZATION_LEVEL = 0;
				GCC_PREPROCESSOR_DEFINITIONS = (
					"DEBUG=1",
					"$(inherited)",
				);
				GCC_WARN_64_TO_32_BIT_CONVERSION = YES;
				GCC_WARN_ABOUT_RETURN_TYPE = YES_ERROR;
				GCC_WARN_UNDECLARED_SELECTOR = YES;
				GCC_WARN_UNINITIALIZED_AUTOS = YES_AGGRESSIVE;
				GCC_WARN_UNUSED_FUNCTION = YES;
				GCC_WARN_UNUSED_VARIABLE = YES;
				IPHONEOS_DEPLOYMENT_TARGET = 9.3;
				MTL_ENABLE_DEBUG_INFO = YES;
				ONLY_ACTIVE_ARCH = YES;
				SDKROOT = iphoneos;
			};
			name = Debug;
		};
		05BF1A7B1D2BEBB60095E18A /* Release */ = {
			isa = XCBuildConfiguration;
			buildSettings = {
				ALWAYS_SEARCH_USER_PATHS = NO;
				CLANG_ANALYZER_NONNULL = YES;
				CLANG_CXX_LANGUAGE_STANDARD = "gnu++0x";
				CLANG_CXX_LIBRARY = "libc++";
				CLANG_ENABLE_MODULES = YES;
				CLANG_ENABLE_OBJC_ARC = YES;
				CLANG_WARN_BOOL_CONVERSION = YES;
				CLANG_WARN_CONSTANT_CONVERSION = YES;
				CLANG_WARN_DIRECT_OBJC_ISA_USAGE = YES_ERROR;
				CLANG_WARN_EMPTY_BODY = YES;
				CLANG_WARN_ENUM_CONVERSION = YES;
				CLANG_WARN_INT_CONVERSION = YES;
				CLANG_WARN_OBJC_ROOT_CLASS = YES_ERROR;
				CLANG_WARN_UNREACHABLE_CODE = YES;
				CLANG_WARN__DUPLICATE_METHOD_MATCH = YES;
				"CODE_SIGN_IDENTITY[sdk=iphoneos*]" = "iPhone Developer";
				COPY_PHASE_STRIP = NO;
				DEBUG_INFORMATION_FORMAT = "dwarf-with-dsym";
				ENABLE_NS_ASSERTIONS = NO;
				ENABLE_STRICT_OBJC_MSGSEND = YES;
				GCC_C_LANGUAGE_STANDARD = gnu99;
				GCC_NO_COMMON_BLOCKS = YES;
				GCC_WARN_64_TO_32_BIT_CONVERSION = YES;
				GCC_WARN_ABOUT_RETURN_TYPE = YES_ERROR;
				GCC_WARN_UNDECLARED_SELECTOR = YES;
				GCC_WARN_UNINITIALIZED_AUTOS = YES_AGGRESSIVE;
				GCC_WARN_UNUSED_FUNCTION = YES;
				GCC_WARN_UNUSED_VARIABLE = YES;
				IPHONEOS_DEPLOYMENT_TARGET = 9.3;
				MTL_ENABLE_DEBUG_INFO = NO;
				SDKROOT = iphoneos;
				VALIDATE_PRODUCT = YES;
			};
			name = Release;
		};
		05BF1A7D1D2BEBB60095E18A /* Debug */ = {
			isa = XCBuildConfiguration;
			baseConfigurationReference = 48629B2E65DF7D958F9B7C92 /* Pods-HaoJuDian.debug.xcconfig */;
			buildSettings = {
				ASSETCATALOG_COMPILER_APPICON_NAME = AppIcon;
				ASSETCATALOG_COMPILER_LAUNCHIMAGE_NAME = LaunchImage;
				CODE_SIGN_IDENTITY = "iPhone Developer: 460069238@qq.com (M9Q7K9UP99)";
				GCC_PREFIX_HEADER = $SRCROOT/HaoJuDian/HaoJuDian.pch;
				INFOPLIST_FILE = HaoJuDian/Info.plist;
				IPHONEOS_DEPLOYMENT_TARGET = 7.0;
				LD_RUNPATH_SEARCH_PATHS = "$(inherited) @executable_path/Frameworks";
				PRODUCT_BUNDLE_IDENTIFIER = com.CYD.HaoJuDian;
				PRODUCT_NAME = "$(TARGET_NAME)";
			};
			name = Debug;
		};
		05BF1A7E1D2BEBB60095E18A /* Release */ = {
			isa = XCBuildConfiguration;
			baseConfigurationReference = 8016B84D71263C43D92802DA /* Pods-HaoJuDian.release.xcconfig */;
			buildSettings = {
				ASSETCATALOG_COMPILER_APPICON_NAME = AppIcon;
				ASSETCATALOG_COMPILER_LAUNCHIMAGE_NAME = LaunchImage;
				CODE_SIGN_IDENTITY = "iPhone Developer: 460069238@qq.com (M9Q7K9UP99)";
				GCC_PREFIX_HEADER = $SRCROOT/HaoJuDian/HaoJuDian.pch;
				INFOPLIST_FILE = HaoJuDian/Info.plist;
				IPHONEOS_DEPLOYMENT_TARGET = 7.0;
				LD_RUNPATH_SEARCH_PATHS = "$(inherited) @executable_path/Frameworks";
				PRODUCT_BUNDLE_IDENTIFIER = com.CYD.HaoJuDian;
				PRODUCT_NAME = "$(TARGET_NAME)";
			};
			name = Release;
		};
		05BF1A801D2BEBB60095E18A /* Debug */ = {
			isa = XCBuildConfiguration;
			buildSettings = {
				BUNDLE_LOADER = "$(TEST_HOST)";
				INFOPLIST_FILE = HaoJuDianTests/Info.plist;
				LD_RUNPATH_SEARCH_PATHS = "$(inherited) @executable_path/Frameworks @loader_path/Frameworks";
				PRODUCT_BUNDLE_IDENTIFIER = com.CYD.HaoJuDianTests;
				PRODUCT_NAME = "$(TARGET_NAME)";
				TEST_HOST = "$(BUILT_PRODUCTS_DIR)/HaoJuDian.app/HaoJuDian";
			};
			name = Debug;
		};
		05BF1A811D2BEBB60095E18A /* Release */ = {
			isa = XCBuildConfiguration;
			buildSettings = {
				BUNDLE_LOADER = "$(TEST_HOST)";
				INFOPLIST_FILE = HaoJuDianTests/Info.plist;
				LD_RUNPATH_SEARCH_PATHS = "$(inherited) @executable_path/Frameworks @loader_path/Frameworks";
				PRODUCT_BUNDLE_IDENTIFIER = com.CYD.HaoJuDianTests;
				PRODUCT_NAME = "$(TARGET_NAME)";
				TEST_HOST = "$(BUILT_PRODUCTS_DIR)/HaoJuDian.app/HaoJuDian";
			};
			name = Release;
		};
		05BF1A831D2BEBB60095E18A /* Debug */ = {
			isa = XCBuildConfiguration;
			buildSettings = {
				INFOPLIST_FILE = HaoJuDianUITests/Info.plist;
				LD_RUNPATH_SEARCH_PATHS = "$(inherited) @executable_path/Frameworks @loader_path/Frameworks";
				PRODUCT_BUNDLE_IDENTIFIER = com.CYD.HaoJuDianUITests;
				PRODUCT_NAME = "$(TARGET_NAME)";
				TEST_TARGET_NAME = HaoJuDian;
			};
			name = Debug;
		};
		05BF1A841D2BEBB60095E18A /* Release */ = {
			isa = XCBuildConfiguration;
			buildSettings = {
				INFOPLIST_FILE = HaoJuDianUITests/Info.plist;
				LD_RUNPATH_SEARCH_PATHS = "$(inherited) @executable_path/Frameworks @loader_path/Frameworks";
				PRODUCT_BUNDLE_IDENTIFIER = com.CYD.HaoJuDianUITests;
				PRODUCT_NAME = "$(TARGET_NAME)";
				TEST_TARGET_NAME = HaoJuDian;
			};
			name = Release;
		};
/* End XCBuildConfiguration section */

/* Begin XCConfigurationList section */
		05BF1A4A1D2BEBB60095E18A /* Build configuration list for PBXProject "HaoJuDian" */ = {
			isa = XCConfigurationList;
			buildConfigurations = (
				05BF1A7A1D2BEBB60095E18A /* Debug */,
				05BF1A7B1D2BEBB60095E18A /* Release */,
			);
			defaultConfigurationIsVisible = 0;
			defaultConfigurationName = Release;
		};
		05BF1A7C1D2BEBB60095E18A /* Build configuration list for PBXNativeTarget "HaoJuDian" */ = {
			isa = XCConfigurationList;
			buildConfigurations = (
				05BF1A7D1D2BEBB60095E18A /* Debug */,
				05BF1A7E1D2BEBB60095E18A /* Release */,
			);
			defaultConfigurationIsVisible = 0;
			defaultConfigurationName = Release;
		};
		05BF1A7F1D2BEBB60095E18A /* Build configuration list for PBXNativeTarget "HaoJuDianTests" */ = {
			isa = XCConfigurationList;
			buildConfigurations = (
				05BF1A801D2BEBB60095E18A /* Debug */,
				05BF1A811D2BEBB60095E18A /* Release */,
			);
			defaultConfigurationIsVisible = 0;
			defaultConfigurationName = Release;
		};
		05BF1A821D2BEBB60095E18A /* Build configuration list for PBXNativeTarget "HaoJuDianUITests" */ = {
			isa = XCConfigurationList;
			buildConfigurations = (
				05BF1A831D2BEBB60095E18A /* Debug */,
				05BF1A841D2BEBB60095E18A /* Release */,
			);
			defaultConfigurationIsVisible = 0;
			defaultConfigurationName = Release;
		};
/* End XCConfigurationList section */
	};
	rootObject = 05BF1A471D2BEBB60095E18A /* Project object */;
}
